// !$*UTF8*$!
{
	archiveVersion = 1;
	classes = {
	};
	objectVersion = 54;
	objects = {

/* Begin PBXBuildFile section */
		CE2F17F11D33C31800BA91A6 /* AppDelegate.swift in Sources */ = {isa = PBXBuildFile; fileRef = CE2F17F01D33C31800BA91A6 /* AppDelegate.swift */; };
		CE2F17F31D33C31800BA91A6 /* MainView.swift in Sources */ = {isa = PBXBuildFile; fileRef = CE2F17F21D33C31800BA91A6 /* MainView.swift */; };
		CE2F17F51D33C31800BA91A6 /* Assets.xcassets in Resources */ = {isa = PBXBuildFile; fileRef = CE2F17F41D33C31800BA91A6 /* Assets.xcassets */; };
		CE2F17F81D33C31800BA91A6 /* Main.storyboard in Resources */ = {isa = PBXBuildFile; fileRef = CE2F17F61D33C31800BA91A6 /* Main.storyboard */; };
		E71485B923AA5EF6009369D4 /* lib.swift in Sources */ = {isa = PBXBuildFile; fileRef = E71485B823AA5EF6009369D4 /* lib.swift */; };
		E71B29CF1E0C218200173E77 /* WinController.swift in Sources */ = {isa = PBXBuildFile; fileRef = E71B29CE1E0C218200173E77 /* WinController.swift */; };
		E71DA9E12A3C8B4400ECBC2F /* Tools.swift in Sources */ = {isa = PBXBuildFile; fileRef = E71DA9E02A3C8B4400ECBC2F /* Tools.swift */; };
		E71DA9E32A3C8D6600ECBC2F /* ShelfView.swift in Sources */ = {isa = PBXBuildFile; fileRef = E71DA9E22A3C8D6600ECBC2F /* ShelfView.swift */; };
		E71E2CB32A12647900136566 /* iOSApp.swift in Sources */ = {isa = PBXBuildFile; fileRef = E71E2CB22A12647900136566 /* iOSApp.swift */; };
		E71E2CB52A12647900136566 /* ContentView.swift in Sources */ = {isa = PBXBuildFile; fileRef = E71E2CB42A12647900136566 /* ContentView.swift */; };
		E71E2CB72A12647A00136566 /* Assets.xcassets in Resources */ = {isa = PBXBuildFile; fileRef = E71E2CB62A12647A00136566 /* Assets.xcassets */; };
		E71E2CBA2A12647A00136566 /* Preview Assets.xcassets in Resources */ = {isa = PBXBuildFile; fileRef = E71E2CB92A12647A00136566 /* Preview Assets.xcassets */; };
		E7228FB6205142AE00C78C3C /* titles in Resources */ = {isa = PBXBuildFile; fileRef = E7228FB5205142AE00C78C3C /* titles */; };
		E72425D72A179BF600531EA0 /* UserBuy.swift in Sources */ = {isa = PBXBuildFile; fileRef = E72425D62A179BF600531EA0 /* UserBuy.swift */; };
		E725BA1E2193196000247627 /* View.swift in Sources */ = {isa = PBXBuildFile; fileRef = E725BA1D2193196000247627 /* View.swift */; };
		E72DF9E21DE8651C00A46DA1 /* LeftView.swift in Sources */ = {isa = PBXBuildFile; fileRef = E72DF9E11DE8651C00A46DA1 /* LeftView.swift */; };
		E7382CBA21CC006400DF8772 /* prepare.swift in Sources */ = {isa = PBXBuildFile; fileRef = E7382CB921CC006400DF8772 /* prepare.swift */; };
		E73A0E9223FFE26B00EE62A8 /* Bible.swift in Sources */ = {isa = PBXBuildFile; fileRef = E73A0E9123FFE26B00EE62A8 /* Bible.swift */; };
		E73BA40124BDFF1000F0FA17 /* PopupMenu.swift in Sources */ = {isa = PBXBuildFile; fileRef = E73BA40024BDFF1000F0FA17 /* PopupMenu.swift */; };
		E73BF4641EF8548C0028FB62 /* BibleText.swift in Sources */ = {isa = PBXBuildFile; fileRef = E73BF4631EF8548C0028FB62 /* BibleText.swift */; };
		E74040F21ED5A40F00F96C48 /* CopyView.swift in Sources */ = {isa = PBXBuildFile; fileRef = E74040F11ED5A40F00F96C48 /* CopyView.swift */; };
		E746BCFF2B0E3392009395F6 /* ChaptersTableView.swift in Sources */ = {isa = PBXBuildFile; fileRef = E746BCFE2B0E3391009395F6 /* ChaptersTableView.swift */; };
		E75025CE2A28EB0300B86471 /* TitlesView.swift in Sources */ = {isa = PBXBuildFile; fileRef = E75025CD2A28EB0300B86471 /* TitlesView.swift */; };
		E75525952051334A00BDD425 /* bibles in Resources */ = {isa = PBXBuildFile; fileRef = E75525942051334A00BDD425 /* bibles */; };
		E756CC1E2B0F81B8009971D3 /* BooksTableView.swift in Sources */ = {isa = PBXBuildFile; fileRef = E756CC1D2B0F81B8009971D3 /* BooksTableView.swift */; };
		E756E0F8267BC22A005494A6 /* ShelfView.swift in Sources */ = {isa = PBXBuildFile; fileRef = E756E0F7267BC22A005494A6 /* ShelfView.swift */; };
		E75F12C11FF25D79006EDAC9 /* parse.swift in Sources */ = {isa = PBXBuildFile; fileRef = E75F12C01FF25D79006EDAC9 /* parse.swift */; };
		E75FFA3F2AF43756008E748D /* ScriptureTableView.swift in Sources */ = {isa = PBXBuildFile; fileRef = E75FFA3E2AF43756008E748D /* ScriptureTableView.swift */; };
		E76499FC2A012E7D009B6B63 /* String.swift in Sources */ = {isa = PBXBuildFile; fileRef = E76499FB2A012E7D009B6B63 /* String.swift */; };
		E76499FE2A012EEC009B6B63 /* Colors.swift in Sources */ = {isa = PBXBuildFile; fileRef = E76499FD2A012EEC009B6B63 /* Colors.swift */; };
		E7649A002A012FA5009B6B63 /* AttrString.swift in Sources */ = {isa = PBXBuildFile; fileRef = E76499FF2A012FA5009B6B63 /* AttrString.swift */; };
		E7649A022A0130A1009B6B63 /* Array.swift in Sources */ = {isa = PBXBuildFile; fileRef = E7649A012A0130A1009B6B63 /* Array.swift */; };
		E7649A042A0130ED009B6B63 /* Defaults.swift in Sources */ = {isa = PBXBuildFile; fileRef = E7649A032A0130ED009B6B63 /* Defaults.swift */; };
		E7649A062A0131C2009B6B63 /* Int.swift in Sources */ = {isa = PBXBuildFile; fileRef = E7649A052A0131C2009B6B63 /* Int.swift */; };
		E77373BB271EBDE100FFA254 /* Tools.swift in Sources */ = {isa = PBXBuildFile; fileRef = E77373BA271EBDE100FFA254 /* Tools.swift */; };
		E77373BF271EBE6D00FFA254 /* CustomTools.swift in Sources */ = {isa = PBXBuildFile; fileRef = E77373BE271EBE6D00FFA254 /* CustomTools.swift */; };
		E77D231029FC25040025C4C1 /* GRDB in Frameworks */ = {isa = PBXBuildFile; productRef = E77D230F29FC25040025C4C1 /* GRDB */; };
		E7A031C726A80A2400AE1D13 /* utils.swift in Sources */ = {isa = PBXBuildFile; fileRef = E7A031C626A80A2400AE1D13 /* utils.swift */; };
		E7A0D72523AAA36200C48A54 /* Extensions.swift in Sources */ = {isa = PBXBuildFile; fileRef = E7A0D72423AAA36200C48A54 /* Extensions.swift */; };
		E7A121AE2AE8FE8A004C3D24 /* AppDelegate.swift in Sources */ = {isa = PBXBuildFile; fileRef = E7A121AD2AE8FE8A004C3D24 /* AppDelegate.swift */; };
		E7A121B02AE8FE8A004C3D24 /* SceneDelegate.swift in Sources */ = {isa = PBXBuildFile; fileRef = E7A121AF2AE8FE8A004C3D24 /* SceneDelegate.swift */; };
		E7A121B52AE8FE8A004C3D24 /* Main.storyboard in Resources */ = {isa = PBXBuildFile; fileRef = E7A121B32AE8FE8A004C3D24 /* Main.storyboard */; };
		E7A121B72AE8FE8C004C3D24 /* Assets.xcassets in Resources */ = {isa = PBXBuildFile; fileRef = E7A121B62AE8FE8C004C3D24 /* Assets.xcassets */; };
		E7A121BA2AE8FE8C004C3D24 /* LaunchScreen.storyboard in Resources */ = {isa = PBXBuildFile; fileRef = E7A121B82AE8FE8C004C3D24 /* LaunchScreen.storyboard */; };
		E7A121C32AE93438004C3D24 /* TabBar.swift in Sources */ = {isa = PBXBuildFile; fileRef = E7A121C22AE93438004C3D24 /* TabBar.swift */; };
		E7A4BA921EDD86C200FC9676 /* LibraryView.swift in Sources */ = {isa = PBXBuildFile; fileRef = E7A4BA911EDD86C200FC9676 /* LibraryView.swift */; };
		E7A8917C20152879008A7695 /* СustomText.swift in Sources */ = {isa = PBXBuildFile; fileRef = E7A8917B20152879008A7695 /* СustomText.swift */; };
		E7A8917E20152893008A7695 /* CommonText.swift in Sources */ = {isa = PBXBuildFile; fileRef = E7A8917D20152893008A7695 /* CommonText.swift */; };
		E7B185462A42EB3300F8A723 /* ChaptersView.swift in Sources */ = {isa = PBXBuildFile; fileRef = E7B185452A42EB3300F8A723 /* ChaptersView.swift */; };
		E7B54D3621D28FF2003ED5C5 /* PopoverView.swift in Sources */ = {isa = PBXBuildFile; fileRef = E7B54D3521D28FF2003ED5C5 /* PopoverView.swift */; };
		E7B7CB6621D66EB600BC292F /* Module.swift in Sources */ = {isa = PBXBuildFile; fileRef = E7B7CB6521D66EB600BC292F /* Module.swift */; };
		E7C21903201522F300E90AC6 /* NotesText.swift in Sources */ = {isa = PBXBuildFile; fileRef = E7C21902201522F300E90AC6 /* NotesText.swift */; };
		E7C8238E202B07EC00287173 /* InfoPlist.strings in Resources */ = {isa = PBXBuildFile; fileRef = E7C82390202B07EC00287173 /* InfoPlist.strings */; };
		E7C82393202B07ED00287173 /* Localizable.strings in Resources */ = {isa = PBXBuildFile; fileRef = E7C82395202B07ED00287173 /* Localizable.strings */; };
		E7CED8342A323CB100CDB269 /* ListView.swift in Sources */ = {isa = PBXBuildFile; fileRef = E7CED8332A323CB100CDB269 /* ListView.swift */; };
		E7D4637B201A2B520055F1DA /* PreferencesView.swift in Sources */ = {isa = PBXBuildFile; fileRef = E7D4637A201A2B520055F1DA /* PreferencesView.swift */; };
		E7DDA4B01EE960E400022638 /* SplitView.swift in Sources */ = {isa = PBXBuildFile; fileRef = E7DDA4AF1EE960E400022638 /* SplitView.swift */; };
		E7E3D4F81E12B1C400912F37 /* SearchView.swift in Sources */ = {isa = PBXBuildFile; fileRef = E7E3D4F71E12B1C400912F37 /* SearchView.swift */; };
		E7E40FF126B40CB3001BCDD5 /* WelcomeView.swift in Sources */ = {isa = PBXBuildFile; fileRef = E7E40FF026B40CB3001BCDD5 /* WelcomeView.swift */; };
		E7E7A84E24C5C285001F85C8 /* Reference.swift in Sources */ = {isa = PBXBuildFile; fileRef = E7E7A84D24C5C285001F85C8 /* Reference.swift */; };
		E7EA07972A3B4EE60079BCD8 /* CustomTools.swift in Sources */ = {isa = PBXBuildFile; fileRef = E77373BE271EBE6D00FFA254 /* CustomTools.swift */; };
		E7EA07982A3B4EEC0079BCD8 /* Bible.swift in Sources */ = {isa = PBXBuildFile; fileRef = E73A0E9123FFE26B00EE62A8 /* Bible.swift */; };
		E7EA07992A3B4EF20079BCD8 /* Commentary.swift in Sources */ = {isa = PBXBuildFile; fileRef = E7FABB9A21D938D3006B6267 /* Commentary.swift */; };
		E7EA079A2A3B4EF50079BCD8 /* Dictionary.swift in Sources */ = {isa = PBXBuildFile; fileRef = E7FABB9C21D938F7006B6267 /* Dictionary.swift */; };
		E7EA079B2A3B4EF80079BCD8 /* Reference.swift in Sources */ = {isa = PBXBuildFile; fileRef = E7E7A84D24C5C285001F85C8 /* Reference.swift */; };
		E7EA079C2A3B4EFD0079BCD8 /* parse.swift in Sources */ = {isa = PBXBuildFile; fileRef = E75F12C01FF25D79006EDAC9 /* parse.swift */; };
		E7EA079D2A3B4F0D0079BCD8 /* prepare.swift in Sources */ = {isa = PBXBuildFile; fileRef = E7382CB921CC006400DF8772 /* prepare.swift */; };
		E7EA079E2A3B4F100079BCD8 /* lib.swift in Sources */ = {isa = PBXBuildFile; fileRef = E71485B823AA5EF6009369D4 /* lib.swift */; };
		E7EA079F2A3B4F140079BCD8 /* Module.swift in Sources */ = {isa = PBXBuildFile; fileRef = E7B7CB6521D66EB600BC292F /* Module.swift */; };
		E7EA07A02A3B4F170079BCD8 /* utils.swift in Sources */ = {isa = PBXBuildFile; fileRef = E7A031C626A80A2400AE1D13 /* utils.swift */; };
		E7EA07A22A3B4F550079BCD8 /* GRDB in Frameworks */ = {isa = PBXBuildFile; productRef = E7EA07A12A3B4F550079BCD8 /* GRDB */; };
		E7EA07A32A3B4F840079BCD8 /* Defaults.swift in Sources */ = {isa = PBXBuildFile; fileRef = E7649A032A0130ED009B6B63 /* Defaults.swift */; };
		E7EA07A42A3B4F840079BCD8 /* Array.swift in Sources */ = {isa = PBXBuildFile; fileRef = E7649A012A0130A1009B6B63 /* Array.swift */; };
		E7EA07A52A3B4F840079BCD8 /* AttrString.swift in Sources */ = {isa = PBXBuildFile; fileRef = E76499FF2A012FA5009B6B63 /* AttrString.swift */; };
		E7EA07A62A3B4F840079BCD8 /* Colors.swift in Sources */ = {isa = PBXBuildFile; fileRef = E76499FD2A012EEC009B6B63 /* Colors.swift */; };
		E7EA07A72A3B4F840079BCD8 /* Int.swift in Sources */ = {isa = PBXBuildFile; fileRef = E7649A052A0131C2009B6B63 /* Int.swift */; };
		E7EA07A82A3B4F840079BCD8 /* String.swift in Sources */ = {isa = PBXBuildFile; fileRef = E76499FB2A012E7D009B6B63 /* String.swift */; };
		E7EA07A92A3B79010079BCD8 /* bibles in Resources */ = {isa = PBXBuildFile; fileRef = E75525942051334A00BDD425 /* bibles */; };
		E7EA07AA2A3B79070079BCD8 /* titles in Resources */ = {isa = PBXBuildFile; fileRef = E7228FB5205142AE00C78C3C /* titles */; };
		E7F04B812B14F1EA00F3AD4D /* ShelfView.storyboard in Resources */ = {isa = PBXBuildFile; fileRef = E7F04B7F2B14F1EA00F3AD4D /* ShelfView.storyboard */; };
		E7F059922A150380002B6029 /* DetailView.swift in Sources */ = {isa = PBXBuildFile; fileRef = E7F059912A150380002B6029 /* DetailView.swift */; };
		E7F059942A152550002B6029 /* NavigationBar.swift in Sources */ = {isa = PBXBuildFile; fileRef = E7F059932A152550002B6029 /* NavigationBar.swift */; };
		E7F195DD2AF639D10015341B /* CustomTools.swift in Sources */ = {isa = PBXBuildFile; fileRef = E77373BE271EBE6D00FFA254 /* CustomTools.swift */; };
		E7F195DE2AF639D10015341B /* utils.swift in Sources */ = {isa = PBXBuildFile; fileRef = E7A031C626A80A2400AE1D13 /* utils.swift */; };
		E7F195DF2AF639D10015341B /* parse.swift in Sources */ = {isa = PBXBuildFile; fileRef = E75F12C01FF25D79006EDAC9 /* parse.swift */; };
		E7F195E02AF639D10015341B /* Dictionary.swift in Sources */ = {isa = PBXBuildFile; fileRef = E7FABB9C21D938F7006B6267 /* Dictionary.swift */; };
		E7F195E12AF639D10015341B /* prepare.swift in Sources */ = {isa = PBXBuildFile; fileRef = E7382CB921CC006400DF8772 /* prepare.swift */; };
		E7F195E22AF639D10015341B /* lib.swift in Sources */ = {isa = PBXBuildFile; fileRef = E71485B823AA5EF6009369D4 /* lib.swift */; };
		E7F195E32AF639D10015341B /* Commentary.swift in Sources */ = {isa = PBXBuildFile; fileRef = E7FABB9A21D938D3006B6267 /* Commentary.swift */; };
		E7F195E42AF639D10015341B /* Module.swift in Sources */ = {isa = PBXBuildFile; fileRef = E7B7CB6521D66EB600BC292F /* Module.swift */; };
		E7F195E52AF639D10015341B /* Bible.swift in Sources */ = {isa = PBXBuildFile; fileRef = E73A0E9123FFE26B00EE62A8 /* Bible.swift */; };
		E7F195E62AF639D10015341B /* Reference.swift in Sources */ = {isa = PBXBuildFile; fileRef = E7E7A84D24C5C285001F85C8 /* Reference.swift */; };
		E7F195E72AF639D90015341B /* Tools.swift in Sources */ = {isa = PBXBuildFile; fileRef = E71DA9E02A3C8B4400ECBC2F /* Tools.swift */; };
		E7F195E82AF63A550015341B /* libsqlite3.tbd in Frameworks */ = {isa = PBXBuildFile; fileRef = E7BECE4B1EA9390400CF3386 /* libsqlite3.tbd */; };
		E7F195E92AF63A550015341B /* libsqlite3.tbd in Frameworks */ = {isa = PBXBuildFile; fileRef = E7BECE4B1EA9390400CF3386 /* libsqlite3.tbd */; };
		E7F195EA2AF63A560015341B /* libsqlite3.tbd in Frameworks */ = {isa = PBXBuildFile; fileRef = E7BECE4B1EA9390400CF3386 /* libsqlite3.tbd */; };
		E7F195ED2AF63B2D0015341B /* GRDB in Frameworks */ = {isa = PBXBuildFile; productRef = E7F195EC2AF63B2D0015341B /* GRDB */; };
		E7F195EE2AF63B6A0015341B /* Defaults.swift in Sources */ = {isa = PBXBuildFile; fileRef = E7649A032A0130ED009B6B63 /* Defaults.swift */; };
		E7F195EF2AF63B6A0015341B /* String.swift in Sources */ = {isa = PBXBuildFile; fileRef = E76499FB2A012E7D009B6B63 /* String.swift */; };
		E7F195F02AF63B6A0015341B /* Int.swift in Sources */ = {isa = PBXBuildFile; fileRef = E7649A052A0131C2009B6B63 /* Int.swift */; };
		E7F195F12AF63B6A0015341B /* AttrString.swift in Sources */ = {isa = PBXBuildFile; fileRef = E76499FF2A012FA5009B6B63 /* AttrString.swift */; };
		E7F195F22AF63B6A0015341B /* Colors.swift in Sources */ = {isa = PBXBuildFile; fileRef = E76499FD2A012EEC009B6B63 /* Colors.swift */; };
		E7F195F32AF63B6A0015341B /* Array.swift in Sources */ = {isa = PBXBuildFile; fileRef = E7649A012A0130A1009B6B63 /* Array.swift */; };
		E7F195F42AF645D70015341B /* bibles in Resources */ = {isa = PBXBuildFile; fileRef = E75525942051334A00BDD425 /* bibles */; };
		E7F195F52AF645E50015341B /* titles in Resources */ = {isa = PBXBuildFile; fileRef = E7228FB5205142AE00C78C3C /* titles */; };
		E7F5071B20509AEC0019F546 /* icns.icns in Resources */ = {isa = PBXBuildFile; fileRef = E7F5071A20509AEB0019F546 /* icns.icns */; };
		E7F771361DE865FE004AF6C0 /* RigthView.swift in Sources */ = {isa = PBXBuildFile; fileRef = E7F771351DE865FE004AF6C0 /* RigthView.swift */; };
		E7FABB9B21D938D3006B6267 /* Commentary.swift in Sources */ = {isa = PBXBuildFile; fileRef = E7FABB9A21D938D3006B6267 /* Commentary.swift */; };
		E7FABB9D21D938F7006B6267 /* Dictionary.swift in Sources */ = {isa = PBXBuildFile; fileRef = E7FABB9C21D938F7006B6267 /* Dictionary.swift */; };
/* End PBXBuildFile section */

/* Begin PBXFileReference section */
		CE2F17ED1D33C31800BA91A6 /* Unbound Bible.app */ = {isa = PBXFileReference; explicitFileType = wrapper.application; includeInIndex = 0; path = "Unbound Bible.app"; sourceTree = BUILT_PRODUCTS_DIR; };
		CE2F17F01D33C31800BA91A6 /* AppDelegate.swift */ = {isa = PBXFileReference; lastKnownFileType = sourcecode.swift; path = AppDelegate.swift; sourceTree = "<group>"; };
		CE2F17F21D33C31800BA91A6 /* MainView.swift */ = {isa = PBXFileReference; lastKnownFileType = sourcecode.swift; path = MainView.swift; sourceTree = "<group>"; };
		CE2F17F41D33C31800BA91A6 /* Assets.xcassets */ = {isa = PBXFileReference; lastKnownFileType = folder.assetcatalog; path = Assets.xcassets; sourceTree = "<group>"; };
		CE2F17F71D33C31800BA91A6 /* Base */ = {isa = PBXFileReference; lastKnownFileType = file.storyboard; name = Base; path = Base.lproj/Main.storyboard; sourceTree = "<group>"; };
		CE2F17F91D33C31800BA91A6 /* Info.plist */ = {isa = PBXFileReference; lastKnownFileType = text.plist.xml; path = Info.plist; sourceTree = "<group>"; };
		E71485B823AA5EF6009369D4 /* lib.swift */ = {isa = PBXFileReference; lastKnownFileType = sourcecode.swift; path = lib.swift; sourceTree = "<group>"; };
		E71B29CE1E0C218200173E77 /* WinController.swift */ = {isa = PBXFileReference; fileEncoding = 4; lastKnownFileType = sourcecode.swift; path = WinController.swift; sourceTree = "<group>"; };
		E71DA9E02A3C8B4400ECBC2F /* Tools.swift */ = {isa = PBXFileReference; lastKnownFileType = sourcecode.swift; path = Tools.swift; sourceTree = "<group>"; };
		E71DA9E22A3C8D6600ECBC2F /* ShelfView.swift */ = {isa = PBXFileReference; lastKnownFileType = sourcecode.swift; path = ShelfView.swift; sourceTree = "<group>"; };
		E71E2CB02A12647900136566 /* Unbound Bible.app */ = {isa = PBXFileReference; explicitFileType = wrapper.application; includeInIndex = 0; path = "Unbound Bible.app"; sourceTree = BUILT_PRODUCTS_DIR; };
		E71E2CB22A12647900136566 /* iOSApp.swift */ = {isa = PBXFileReference; lastKnownFileType = sourcecode.swift; path = iOSApp.swift; sourceTree = "<group>"; };
		E71E2CB42A12647900136566 /* ContentView.swift */ = {isa = PBXFileReference; lastKnownFileType = sourcecode.swift; path = ContentView.swift; sourceTree = "<group>"; };
		E71E2CB62A12647A00136566 /* Assets.xcassets */ = {isa = PBXFileReference; lastKnownFileType = folder.assetcatalog; path = Assets.xcassets; sourceTree = "<group>"; };
		E71E2CB92A12647A00136566 /* Preview Assets.xcassets */ = {isa = PBXFileReference; lastKnownFileType = folder.assetcatalog; path = "Preview Assets.xcassets"; sourceTree = "<group>"; };
		E7228FB5205142AE00C78C3C /* titles */ = {isa = PBXFileReference; lastKnownFileType = folder; path = titles; sourceTree = "<group>"; };
		E72425D62A179BF600531EA0 /* UserBuy.swift */ = {isa = PBXFileReference; lastKnownFileType = sourcecode.swift; path = UserBuy.swift; sourceTree = "<group>"; };
		E725BA1D2193196000247627 /* View.swift */ = {isa = PBXFileReference; lastKnownFileType = sourcecode.swift; path = View.swift; sourceTree = "<group>"; };
		E72DF9E11DE8651C00A46DA1 /* LeftView.swift */ = {isa = PBXFileReference; fileEncoding = 4; lastKnownFileType = sourcecode.swift; path = LeftView.swift; sourceTree = "<group>"; };
		E7382CB921CC006400DF8772 /* prepare.swift */ = {isa = PBXFileReference; lastKnownFileType = sourcecode.swift; path = prepare.swift; sourceTree = "<group>"; };
		E73A0E9123FFE26B00EE62A8 /* Bible.swift */ = {isa = PBXFileReference; lastKnownFileType = sourcecode.swift; path = Bible.swift; sourceTree = "<group>"; };
		E73BA40024BDFF1000F0FA17 /* PopupMenu.swift */ = {isa = PBXFileReference; lastKnownFileType = sourcecode.swift; path = PopupMenu.swift; sourceTree = "<group>"; };
		E73BF4631EF8548C0028FB62 /* BibleText.swift */ = {isa = PBXFileReference; fileEncoding = 4; lastKnownFileType = sourcecode.swift; path = BibleText.swift; sourceTree = "<group>"; };
		E74040F11ED5A40F00F96C48 /* CopyView.swift */ = {isa = PBXFileReference; fileEncoding = 4; lastKnownFileType = sourcecode.swift; path = CopyView.swift; sourceTree = "<group>"; };
		E746BCFE2B0E3391009395F6 /* ChaptersTableView.swift */ = {isa = PBXFileReference; lastKnownFileType = sourcecode.swift; name = ChaptersTableView.swift; path = iosApp/Controllers/ChaptersTableView.swift; sourceTree = SOURCE_ROOT; };
		E75025CD2A28EB0300B86471 /* TitlesView.swift */ = {isa = PBXFileReference; lastKnownFileType = sourcecode.swift; path = TitlesView.swift; sourceTree = "<group>"; };
		E7522CC8214AAD2900EB8788 /* macOS.entitlements */ = {isa = PBXFileReference; lastKnownFileType = text.plist.entitlements; path = macOS.entitlements; sourceTree = "<group>"; };
		E75525942051334A00BDD425 /* bibles */ = {isa = PBXFileReference; lastKnownFileType = folder; path = bibles; sourceTree = "<group>"; };
		E756CC1D2B0F81B8009971D3 /* BooksTableView.swift */ = {isa = PBXFileReference; lastKnownFileType = sourcecode.swift; name = BooksTableView.swift; path = iosApp/Controllers/BooksTableView.swift; sourceTree = SOURCE_ROOT; };
		E756E0F7267BC22A005494A6 /* ShelfView.swift */ = {isa = PBXFileReference; fileEncoding = 4; lastKnownFileType = sourcecode.swift; path = ShelfView.swift; sourceTree = "<group>"; };
		E75F12C01FF25D79006EDAC9 /* parse.swift */ = {isa = PBXFileReference; fileEncoding = 4; lastKnownFileType = sourcecode.swift; path = parse.swift; sourceTree = "<group>"; };
		E75FFA3E2AF43756008E748D /* ScriptureTableView.swift */ = {isa = PBXFileReference; lastKnownFileType = sourcecode.swift; name = ScriptureTableView.swift; path = iosApp/Controllers/ScriptureTableView.swift; sourceTree = SOURCE_ROOT; };
		E76499FB2A012E7D009B6B63 /* String.swift */ = {isa = PBXFileReference; lastKnownFileType = sourcecode.swift; path = String.swift; sourceTree = "<group>"; };
		E76499FD2A012EEC009B6B63 /* Colors.swift */ = {isa = PBXFileReference; lastKnownFileType = sourcecode.swift; path = Colors.swift; sourceTree = "<group>"; };
		E76499FF2A012FA5009B6B63 /* AttrString.swift */ = {isa = PBXFileReference; lastKnownFileType = sourcecode.swift; path = AttrString.swift; sourceTree = "<group>"; };
		E7649A012A0130A1009B6B63 /* Array.swift */ = {isa = PBXFileReference; lastKnownFileType = sourcecode.swift; path = Array.swift; sourceTree = "<group>"; };
		E7649A032A0130ED009B6B63 /* Defaults.swift */ = {isa = PBXFileReference; lastKnownFileType = sourcecode.swift; path = Defaults.swift; sourceTree = "<group>"; };
		E7649A052A0131C2009B6B63 /* Int.swift */ = {isa = PBXFileReference; lastKnownFileType = sourcecode.swift; path = Int.swift; sourceTree = "<group>"; };
		E7694F0D202B06FE00E807F0 /* ru */ = {isa = PBXFileReference; lastKnownFileType = text.plist.strings; name = ru; path = ru.lproj/Main.strings; sourceTree = "<group>"; };
		E77373BA271EBDE100FFA254 /* Tools.swift */ = {isa = PBXFileReference; lastKnownFileType = sourcecode.swift; path = Tools.swift; sourceTree = "<group>"; };
		E77373BE271EBE6D00FFA254 /* CustomTools.swift */ = {isa = PBXFileReference; lastKnownFileType = sourcecode.swift; path = CustomTools.swift; sourceTree = "<group>"; };
		E7A031C626A80A2400AE1D13 /* utils.swift */ = {isa = PBXFileReference; lastKnownFileType = sourcecode.swift; path = utils.swift; sourceTree = "<group>"; };
		E7A0D72423AAA36200C48A54 /* Extensions.swift */ = {isa = PBXFileReference; lastKnownFileType = sourcecode.swift; path = Extensions.swift; sourceTree = "<group>"; };
		E7A121AB2AE8FE8A004C3D24 /* iOSApp.app */ = {isa = PBXFileReference; explicitFileType = wrapper.application; includeInIndex = 0; path = iOSApp.app; sourceTree = BUILT_PRODUCTS_DIR; };
		E7A121AD2AE8FE8A004C3D24 /* AppDelegate.swift */ = {isa = PBXFileReference; lastKnownFileType = sourcecode.swift; path = AppDelegate.swift; sourceTree = "<group>"; };
		E7A121AF2AE8FE8A004C3D24 /* SceneDelegate.swift */ = {isa = PBXFileReference; lastKnownFileType = sourcecode.swift; path = SceneDelegate.swift; sourceTree = "<group>"; };
		E7A121B42AE8FE8A004C3D24 /* Base */ = {isa = PBXFileReference; lastKnownFileType = file.storyboard; name = Base; path = Base.lproj/Main.storyboard; sourceTree = "<group>"; };
		E7A121B62AE8FE8C004C3D24 /* Assets.xcassets */ = {isa = PBXFileReference; lastKnownFileType = folder.assetcatalog; path = Assets.xcassets; sourceTree = "<group>"; };
		E7A121B92AE8FE8C004C3D24 /* Base */ = {isa = PBXFileReference; lastKnownFileType = file.storyboard; name = Base; path = Base.lproj/LaunchScreen.storyboard; sourceTree = "<group>"; };
		E7A121BB2AE8FE8C004C3D24 /* Info.plist */ = {isa = PBXFileReference; lastKnownFileType = text.plist.xml; path = Info.plist; sourceTree = "<group>"; };
		E7A121C22AE93438004C3D24 /* TabBar.swift */ = {isa = PBXFileReference; lastKnownFileType = sourcecode.swift; name = TabBar.swift; path = iosApp/Controllers/TabBar.swift; sourceTree = SOURCE_ROOT; };
		E7A4BA911EDD86C200FC9676 /* LibraryView.swift */ = {isa = PBXFileReference; fileEncoding = 4; lastKnownFileType = sourcecode.swift; path = LibraryView.swift; sourceTree = "<group>"; };
		E7A8917B20152879008A7695 /* СustomText.swift */ = {isa = PBXFileReference; fileEncoding = 4; lastKnownFileType = sourcecode.swift; path = "СustomText.swift"; sourceTree = "<group>"; };
		E7A8917D20152893008A7695 /* CommonText.swift */ = {isa = PBXFileReference; fileEncoding = 4; lastKnownFileType = sourcecode.swift; path = CommonText.swift; sourceTree = "<group>"; };
		E7B185452A42EB3300F8A723 /* ChaptersView.swift */ = {isa = PBXFileReference; lastKnownFileType = sourcecode.swift; path = ChaptersView.swift; sourceTree = "<group>"; };
		E7B54D3521D28FF2003ED5C5 /* PopoverView.swift */ = {isa = PBXFileReference; lastKnownFileType = sourcecode.swift; path = PopoverView.swift; sourceTree = "<group>"; };
		E7B7CB6521D66EB600BC292F /* Module.swift */ = {isa = PBXFileReference; lastKnownFileType = sourcecode.swift; path = Module.swift; sourceTree = "<group>"; };
		E7B8B601204EFF6300493978 /* uk */ = {isa = PBXFileReference; lastKnownFileType = text.plist.strings; name = uk; path = uk.lproj/Main.strings; sourceTree = "<group>"; };
		E7B8B602204EFF6300493978 /* uk */ = {isa = PBXFileReference; lastKnownFileType = text.plist.strings; name = uk; path = uk.lproj/Localizable.strings; sourceTree = "<group>"; };
		E7B8B603204EFF6400493978 /* uk */ = {isa = PBXFileReference; lastKnownFileType = text.plist.strings; name = uk; path = uk.lproj/InfoPlist.strings; sourceTree = "<group>"; };
		E7BECE4B1EA9390400CF3386 /* libsqlite3.tbd */ = {isa = PBXFileReference; lastKnownFileType = "sourcecode.text-based-dylib-definition"; name = libsqlite3.tbd; path = usr/lib/libsqlite3.tbd; sourceTree = SDKROOT; };
		E7C21902201522F300E90AC6 /* NotesText.swift */ = {isa = PBXFileReference; lastKnownFileType = sourcecode.swift; path = NotesText.swift; sourceTree = "<group>"; };
		E7C8238F202B07EC00287173 /* ru */ = {isa = PBXFileReference; lastKnownFileType = text.plist.strings; name = ru; path = ru.lproj/InfoPlist.strings; sourceTree = "<group>"; };
		E7C82394202B07ED00287173 /* ru */ = {isa = PBXFileReference; lastKnownFileType = text.plist.strings; name = ru; path = ru.lproj/Localizable.strings; sourceTree = "<group>"; };
		E7CED8332A323CB100CDB269 /* ListView.swift */ = {isa = PBXFileReference; lastKnownFileType = sourcecode.swift; path = ListView.swift; sourceTree = "<group>"; };
		E7D4637A201A2B520055F1DA /* PreferencesView.swift */ = {isa = PBXFileReference; fileEncoding = 4; lastKnownFileType = sourcecode.swift; path = PreferencesView.swift; sourceTree = "<group>"; };
		E7DDA4AF1EE960E400022638 /* SplitView.swift */ = {isa = PBXFileReference; fileEncoding = 4; lastKnownFileType = sourcecode.swift; path = SplitView.swift; sourceTree = "<group>"; };
		E7E3D4F71E12B1C400912F37 /* SearchView.swift */ = {isa = PBXFileReference; fileEncoding = 4; lastKnownFileType = sourcecode.swift; path = SearchView.swift; sourceTree = "<group>"; };
		E7E40FF026B40CB3001BCDD5 /* WelcomeView.swift */ = {isa = PBXFileReference; lastKnownFileType = sourcecode.swift; path = WelcomeView.swift; sourceTree = "<group>"; };
		E7E7A84D24C5C285001F85C8 /* Reference.swift */ = {isa = PBXFileReference; fileEncoding = 4; lastKnownFileType = sourcecode.swift; path = Reference.swift; sourceTree = "<group>"; };
		E7F04B802B14F1EA00F3AD4D /* Base */ = {isa = PBXFileReference; lastKnownFileType = file.storyboard; name = Base; path = Base.lproj/ShelfView.storyboard; sourceTree = "<group>"; };
		E7F04B8F2B14F6FC00F3AD4D /* ru */ = {isa = PBXFileReference; lastKnownFileType = text.plist.strings; name = ru; path = ru.lproj/ShelfView.strings; sourceTree = "<group>"; };
		E7F04B902B14F70400F3AD4D /* uk */ = {isa = PBXFileReference; lastKnownFileType = text.plist.strings; name = uk; path = uk.lproj/ShelfView.strings; sourceTree = "<group>"; };
		E7F059912A150380002B6029 /* DetailView.swift */ = {isa = PBXFileReference; lastKnownFileType = sourcecode.swift; path = DetailView.swift; sourceTree = "<group>"; };
		E7F059932A152550002B6029 /* NavigationBar.swift */ = {isa = PBXFileReference; lastKnownFileType = sourcecode.swift; path = NavigationBar.swift; sourceTree = "<group>"; };
		E7F5071A20509AEB0019F546 /* icns.icns */ = {isa = PBXFileReference; lastKnownFileType = image.icns; path = icns.icns; sourceTree = "<group>"; };
		E7F771351DE865FE004AF6C0 /* RigthView.swift */ = {isa = PBXFileReference; fileEncoding = 4; lastKnownFileType = sourcecode.swift; path = RigthView.swift; sourceTree = "<group>"; };
		E7FABB9A21D938D3006B6267 /* Commentary.swift */ = {isa = PBXFileReference; lastKnownFileType = sourcecode.swift; path = Commentary.swift; sourceTree = "<group>"; };
		E7FABB9C21D938F7006B6267 /* Dictionary.swift */ = {isa = PBXFileReference; lastKnownFileType = sourcecode.swift; path = Dictionary.swift; sourceTree = "<group>"; };
/* End PBXFileReference section */

/* Begin PBXFrameworksBuildPhase section */
		CE2F17EA1D33C31800BA91A6 /* Frameworks */ = {
			isa = PBXFrameworksBuildPhase;
			buildActionMask = 2147483647;
			files = (
				E7F195E82AF63A550015341B /* libsqlite3.tbd in Frameworks */,
				E77D231029FC25040025C4C1 /* GRDB in Frameworks */,
			);
			runOnlyForDeploymentPostprocessing = 0;
		};
		E71E2CAD2A12647900136566 /* Frameworks */ = {
			isa = PBXFrameworksBuildPhase;
			buildActionMask = 2147483647;
			files = (
				E7F195E92AF63A550015341B /* libsqlite3.tbd in Frameworks */,
				E7EA07A22A3B4F550079BCD8 /* GRDB in Frameworks */,
			);
			runOnlyForDeploymentPostprocessing = 0;
		};
		E7A121A82AE8FE8A004C3D24 /* Frameworks */ = {
			isa = PBXFrameworksBuildPhase;
			buildActionMask = 2147483647;
			files = (
				E7F195EA2AF63A560015341B /* libsqlite3.tbd in Frameworks */,
				E7F195ED2AF63B2D0015341B /* GRDB in Frameworks */,
			);
			runOnlyForDeploymentPostprocessing = 0;
		};
/* End PBXFrameworksBuildPhase section */

/* Begin PBXGroup section */
		CE2F17E41D33C31800BA91A6 = {
			isa = PBXGroup;
			children = (
				E76499F82A012DE0009B6B63 /* Extensions */,
				E7D39ED820906C4E004D3097 /* Shared */,
				CE2F17EF1D33C31800BA91A6 /* macOS */,
				E75525942051334A00BDD425 /* bibles */,
				E7228FB5205142AE00C78C3C /* titles */,
				E71E2CB12A12647900136566 /* iOS */,
				E7A121AC2AE8FE8A004C3D24 /* iOSApp */,
				CE2F17EE1D33C31800BA91A6 /* Products */,
				E7BECE4A1EA9390400CF3386 /* Frameworks */,
			);
			sourceTree = "<group>";
		};
		CE2F17EE1D33C31800BA91A6 /* Products */ = {
			isa = PBXGroup;
			children = (
				CE2F17ED1D33C31800BA91A6 /* Unbound Bible.app */,
				E71E2CB02A12647900136566 /* Unbound Bible.app */,
				E7A121AB2AE8FE8A004C3D24 /* iOSApp.app */,
			);
			name = Products;
			sourceTree = "<group>";
		};
		CE2F17EF1D33C31800BA91A6 /* macOS */ = {
			isa = PBXGroup;
			children = (
				E7F2F3272B10E19C00EE6EF5 /* Storyboards */,
				E7D005AC29FFA94500F0B19A /* Controllers */,
				E7D005AD29FFAB3700F0B19A /* Views */,
				CE2F17F01D33C31800BA91A6 /* AppDelegate.swift */,
				E7A0D72423AAA36200C48A54 /* Extensions.swift */,
				E73BA40024BDFF1000F0FA17 /* PopupMenu.swift */,
				E77373BA271EBDE100FFA254 /* Tools.swift */,
				CE2F17F41D33C31800BA91A6 /* Assets.xcassets */,
				E7F5071A20509AEB0019F546 /* icns.icns */,
				CE2F17F91D33C31800BA91A6 /* Info.plist */,
				E7522CC8214AAD2900EB8788 /* macOS.entitlements */,
				E7C82390202B07EC00287173 /* InfoPlist.strings */,
				E7C82395202B07ED00287173 /* Localizable.strings */,
			);
			path = macOS;
			sourceTree = "<group>";
		};
		E71E2CB12A12647900136566 /* iOS */ = {
			isa = PBXGroup;
			children = (
				E7B185472A42EE2900F8A723 /* Model */,
				E72425D42A179B2C00531EA0 /* Controllers */,
				E72425D52A179B7C00531EA0 /* Views */,
				E71E2CB22A12647900136566 /* iOSApp.swift */,
				E71E2CB62A12647A00136566 /* Assets.xcassets */,
				E71E2CB82A12647A00136566 /* Preview Content */,
			);
			path = iOS;
			sourceTree = "<group>";
		};
		E71E2CB82A12647A00136566 /* Preview Content */ = {
			isa = PBXGroup;
			children = (
				E71E2CB92A12647A00136566 /* Preview Assets.xcassets */,
			);
			path = "Preview Content";
			sourceTree = "<group>";
		};
		E72425D42A179B2C00531EA0 /* Controllers */ = {
			isa = PBXGroup;
			children = (
				E72425D62A179BF600531EA0 /* UserBuy.swift */,
			);
			path = Controllers;
			sourceTree = "<group>";
		};
		E72425D52A179B7C00531EA0 /* Views */ = {
			isa = PBXGroup;
			children = (
				E71E2CB42A12647900136566 /* ContentView.swift */,
				E7F059912A150380002B6029 /* DetailView.swift */,
				E71DA9E22A3C8D6600ECBC2F /* ShelfView.swift */,
				E7F059932A152550002B6029 /* NavigationBar.swift */,
				E75025CD2A28EB0300B86471 /* TitlesView.swift */,
				E7CED8332A323CB100CDB269 /* ListView.swift */,
				E7B185452A42EB3300F8A723 /* ChaptersView.swift */,
			);
			path = Views;
			sourceTree = "<group>";
		};
		E76499F82A012DE0009B6B63 /* Extensions */ = {
			isa = PBXGroup;
			children = (
				E7649A012A0130A1009B6B63 /* Array.swift */,
				E76499FF2A012FA5009B6B63 /* AttrString.swift */,
				E76499FD2A012EEC009B6B63 /* Colors.swift */,
				E7649A032A0130ED009B6B63 /* Defaults.swift */,
				E7649A052A0131C2009B6B63 /* Int.swift */,
				E76499FB2A012E7D009B6B63 /* String.swift */,
			);
			path = Extensions;
			sourceTree = "<group>";
		};
		E7A121AC2AE8FE8A004C3D24 /* iOSApp */ = {
			isa = PBXGroup;
			children = (
				E7A121BF2AE932D9004C3D24 /* Controllers */,
				E7A121AD2AE8FE8A004C3D24 /* AppDelegate.swift */,
				E7A121AF2AE8FE8A004C3D24 /* SceneDelegate.swift */,
				E7A121B62AE8FE8C004C3D24 /* Assets.xcassets */,
				E7A121B32AE8FE8A004C3D24 /* Main.storyboard */,
				E7A121B82AE8FE8C004C3D24 /* LaunchScreen.storyboard */,
				E7A121BB2AE8FE8C004C3D24 /* Info.plist */,
			);
			path = iOSApp;
			sourceTree = "<group>";
		};
		E7A121BF2AE932D9004C3D24 /* Controllers */ = {
			isa = PBXGroup;
			children = (
				E7A121C22AE93438004C3D24 /* TabBar.swift */,
				E75FFA3E2AF43756008E748D /* ScriptureTableView.swift */,
				E756CC1D2B0F81B8009971D3 /* BooksTableView.swift */,
				E746BCFE2B0E3391009395F6 /* ChaptersTableView.swift */,
			);
			path = Controllers;
			sourceTree = "<group>";
		};
		E7B185472A42EE2900F8A723 /* Model */ = {
			isa = PBXGroup;
			children = (
				E71DA9E02A3C8B4400ECBC2F /* Tools.swift */,
			);
			path = Model;
			sourceTree = "<group>";
		};
		E7BECE4A1EA9390400CF3386 /* Frameworks */ = {
			isa = PBXGroup;
			children = (
				E7BECE4B1EA9390400CF3386 /* libsqlite3.tbd */,
			);
			name = Frameworks;
			sourceTree = "<group>";
		};
		E7D005AC29FFA94500F0B19A /* Controllers */ = {
			isa = PBXGroup;
			children = (
				E74040F11ED5A40F00F96C48 /* CopyView.swift */,
				E72DF9E11DE8651C00A46DA1 /* LeftView.swift */,
				CE2F17F21D33C31800BA91A6 /* MainView.swift */,
				E7B54D3521D28FF2003ED5C5 /* PopoverView.swift */,
				E7D4637A201A2B520055F1DA /* PreferencesView.swift */,
				E7F771351DE865FE004AF6C0 /* RigthView.swift */,
				E7E3D4F71E12B1C400912F37 /* SearchView.swift */,
				E756E0F7267BC22A005494A6 /* ShelfView.swift */,
				E7DDA4AF1EE960E400022638 /* SplitView.swift */,
				E7E40FF026B40CB3001BCDD5 /* WelcomeView.swift */,
				E71B29CE1E0C218200173E77 /* WinController.swift */,
			);
			path = Controllers;
			sourceTree = "<group>";
		};
		E7D005AD29FFAB3700F0B19A /* Views */ = {
			isa = PBXGroup;
			children = (
				E7A8917B20152879008A7695 /* СustomText.swift */,
				E73BF4631EF8548C0028FB62 /* BibleText.swift */,
				E7A8917D20152893008A7695 /* CommonText.swift */,
				E7A4BA911EDD86C200FC9676 /* LibraryView.swift */,
				E7C21902201522F300E90AC6 /* NotesText.swift */,
				E725BA1D2193196000247627 /* View.swift */,
			);
			path = Views;
			sourceTree = "<group>";
		};
		E7D39ED820906C4E004D3097 /* Shared */ = {
			isa = PBXGroup;
			children = (
				E7B7CB6521D66EB600BC292F /* Module.swift */,
				E7A031C626A80A2400AE1D13 /* utils.swift */,
				E73A0E9123FFE26B00EE62A8 /* Bible.swift */,
				E7FABB9A21D938D3006B6267 /* Commentary.swift */,
				E7FABB9C21D938F7006B6267 /* Dictionary.swift */,
				E7E7A84D24C5C285001F85C8 /* Reference.swift */,
				E77373BE271EBE6D00FFA254 /* CustomTools.swift */,
				E75F12C01FF25D79006EDAC9 /* parse.swift */,
				E71485B823AA5EF6009369D4 /* lib.swift */,
				E7382CB921CC006400DF8772 /* prepare.swift */,
			);
			path = Shared;
			sourceTree = "<group>";
		};
		E7F2F3272B10E19C00EE6EF5 /* Storyboards */ = {
			isa = PBXGroup;
			children = (
				CE2F17F61D33C31800BA91A6 /* Main.storyboard */,
				E7F04B7F2B14F1EA00F3AD4D /* ShelfView.storyboard */,
			);
			name = Storyboards;
			sourceTree = "<group>";
		};
/* End PBXGroup section */

/* Begin PBXNativeTarget section */
		CE2F17EC1D33C31800BA91A6 /* macOS */ = {
			isa = PBXNativeTarget;
			buildConfigurationList = CE2F17FC1D33C31800BA91A6 /* Build configuration list for PBXNativeTarget "macOS" */;
			buildPhases = (
				CE2F17E91D33C31800BA91A6 /* Sources */,
				CE2F17EA1D33C31800BA91A6 /* Frameworks */,
				CE2F17EB1D33C31800BA91A6 /* Resources */,
			);
			buildRules = (
			);
			dependencies = (
			);
			name = macOS;
			packageProductDependencies = (
				E77D230F29FC25040025C4C1 /* GRDB */,
			);
			productName = "Unbound-Bible-OSX";
			productReference = CE2F17ED1D33C31800BA91A6 /* Unbound Bible.app */;
			productType = "com.apple.product-type.application";
		};
		E71E2CAF2A12647900136566 /* iOS */ = {
			isa = PBXNativeTarget;
			buildConfigurationList = E71E2CBD2A12647A00136566 /* Build configuration list for PBXNativeTarget "iOS" */;
			buildPhases = (
				E71E2CAC2A12647900136566 /* Sources */,
				E71E2CAD2A12647900136566 /* Frameworks */,
				E71E2CAE2A12647900136566 /* Resources */,
			);
			buildRules = (
			);
			dependencies = (
			);
			name = iOS;
			packageProductDependencies = (
				E7EA07A12A3B4F550079BCD8 /* GRDB */,
			);
			productName = iOS;
			productReference = E71E2CB02A12647900136566 /* Unbound Bible.app */;
			productType = "com.apple.product-type.application";
		};
		E7A121AA2AE8FE8A004C3D24 /* iOSApp */ = {
			isa = PBXNativeTarget;
			buildConfigurationList = E7A121BC2AE8FE8C004C3D24 /* Build configuration list for PBXNativeTarget "iOSApp" */;
			buildPhases = (
				E7A121A72AE8FE8A004C3D24 /* Sources */,
				E7A121A82AE8FE8A004C3D24 /* Frameworks */,
				E7A121A92AE8FE8A004C3D24 /* Resources */,
			);
			buildRules = (
			);
			dependencies = (
			);
			name = iOSApp;
			packageProductDependencies = (
				E7F195EC2AF63B2D0015341B /* GRDB */,
			);
			productName = iOSApp;
			productReference = E7A121AB2AE8FE8A004C3D24 /* iOSApp.app */;
			productType = "com.apple.product-type.application";
		};
/* End PBXNativeTarget section */

/* Begin PBXProject section */
		CE2F17E51D33C31800BA91A6 /* Project object */ = {
			isa = PBXProject;
			attributes = {
				BuildIndependentTargetsInParallel = YES;
				LastSwiftUpdateCheck = 1500;
				LastUpgradeCheck = 1500;
				ORGANIZATIONNAME = "Vladimir Rybant";
				TargetAttributes = {
					CE2F17EC1D33C31800BA91A6 = {
						CreatedOnToolsVersion = 7.3.1;
						LastSwiftMigration = 1020;
						SystemCapabilities = {
							com.apple.Sandbox = {
								enabled = 1;
							};
						};
					};
					E71E2CAF2A12647900136566 = {
						CreatedOnToolsVersion = 14.3;
					};
					E7A121AA2AE8FE8A004C3D24 = {
						CreatedOnToolsVersion = 15.0.1;
					};
				};
			};
			buildConfigurationList = CE2F17E81D33C31800BA91A6 /* Build configuration list for PBXProject "Unbound Bible" */;
			compatibilityVersion = "Xcode 3.2";
			developmentRegion = en;
			hasScannedForEncodings = 0;
			knownRegions = (
				en,
				Base,
				uk,
				ru,
			);
			mainGroup = CE2F17E41D33C31800BA91A6;
			packageReferences = (
				E77D230E29FC25040025C4C1 /* XCRemoteSwiftPackageReference "GRDB" */,
			);
			productRefGroup = CE2F17EE1D33C31800BA91A6 /* Products */;
			projectDirPath = "";
			projectRoot = "";
			targets = (
				CE2F17EC1D33C31800BA91A6 /* macOS */,
				E71E2CAF2A12647900136566 /* iOS */,
				E7A121AA2AE8FE8A004C3D24 /* iOSApp */,
			);
		};
/* End PBXProject section */

/* Begin PBXResourcesBuildPhase section */
		CE2F17EB1D33C31800BA91A6 /* Resources */ = {
			isa = PBXResourcesBuildPhase;
			buildActionMask = 2147483647;
			files = (
				E7F5071B20509AEC0019F546 /* icns.icns in Resources */,
				E7228FB6205142AE00C78C3C /* titles in Resources */,
				E7F04B812B14F1EA00F3AD4D /* ShelfView.storyboard in Resources */,
				CE2F17F51D33C31800BA91A6 /* Assets.xcassets in Resources */,
				E7C82393202B07ED00287173 /* Localizable.strings in Resources */,
				E7C8238E202B07EC00287173 /* InfoPlist.strings in Resources */,
				CE2F17F81D33C31800BA91A6 /* Main.storyboard in Resources */,
				E75525952051334A00BDD425 /* bibles in Resources */,
			);
			runOnlyForDeploymentPostprocessing = 0;
		};
		E71E2CAE2A12647900136566 /* Resources */ = {
			isa = PBXResourcesBuildPhase;
			buildActionMask = 2147483647;
			files = (
				E71E2CBA2A12647A00136566 /* Preview Assets.xcassets in Resources */,
				E71E2CB72A12647A00136566 /* Assets.xcassets in Resources */,
				E7EA07A92A3B79010079BCD8 /* bibles in Resources */,
				E7EA07AA2A3B79070079BCD8 /* titles in Resources */,
			);
			runOnlyForDeploymentPostprocessing = 0;
		};
		E7A121A92AE8FE8A004C3D24 /* Resources */ = {
			isa = PBXResourcesBuildPhase;
			buildActionMask = 2147483647;
			files = (
				E7F195F52AF645E50015341B /* titles in Resources */,
				E7A121BA2AE8FE8C004C3D24 /* LaunchScreen.storyboard in Resources */,
				E7A121B72AE8FE8C004C3D24 /* Assets.xcassets in Resources */,
				E7A121B52AE8FE8A004C3D24 /* Main.storyboard in Resources */,
				E7F195F42AF645D70015341B /* bibles in Resources */,
			);
			runOnlyForDeploymentPostprocessing = 0;
		};
/* End PBXResourcesBuildPhase section */

/* Begin PBXSourcesBuildPhase section */
		CE2F17E91D33C31800BA91A6 /* Sources */ = {
			isa = PBXSourcesBuildPhase;
			buildActionMask = 2147483647;
			files = (
				E77373BF271EBE6D00FFA254 /* CustomTools.swift in Sources */,
				E76499FC2A012E7D009B6B63 /* String.swift in Sources */,
				E7E7A84E24C5C285001F85C8 /* Reference.swift in Sources */,
				E76499FE2A012EEC009B6B63 /* Colors.swift in Sources */,
				E73BA40124BDFF1000F0FA17 /* PopupMenu.swift in Sources */,
				E7A8917E20152893008A7695 /* CommonText.swift in Sources */,
				E77373BB271EBDE100FFA254 /* Tools.swift in Sources */,
				E7649A002A012FA5009B6B63 /* AttrString.swift in Sources */,
				E756E0F8267BC22A005494A6 /* ShelfView.swift in Sources */,
				E7649A022A0130A1009B6B63 /* Array.swift in Sources */,
				E7A031C726A80A2400AE1D13 /* utils.swift in Sources */,
				E7A0D72523AAA36200C48A54 /* Extensions.swift in Sources */,
				E7E40FF126B40CB3001BCDD5 /* WelcomeView.swift in Sources */,
				E7DDA4B01EE960E400022638 /* SplitView.swift in Sources */,
				E7A8917C20152879008A7695 /* СustomText.swift in Sources */,
				E71485B923AA5EF6009369D4 /* lib.swift in Sources */,
				E7E3D4F81E12B1C400912F37 /* SearchView.swift in Sources */,
				E73A0E9223FFE26B00EE62A8 /* Bible.swift in Sources */,
				E7FABB9B21D938D3006B6267 /* Commentary.swift in Sources */,
				E7649A042A0130ED009B6B63 /* Defaults.swift in Sources */,
				E7649A062A0131C2009B6B63 /* Int.swift in Sources */,
				E74040F21ED5A40F00F96C48 /* CopyView.swift in Sources */,
				E7F771361DE865FE004AF6C0 /* RigthView.swift in Sources */,
				E7382CBA21CC006400DF8772 /* prepare.swift in Sources */,
				E725BA1E2193196000247627 /* View.swift in Sources */,
				E7C21903201522F300E90AC6 /* NotesText.swift in Sources */,
				E73BF4641EF8548C0028FB62 /* BibleText.swift in Sources */,
				E75F12C11FF25D79006EDAC9 /* parse.swift in Sources */,
				E7B54D3621D28FF2003ED5C5 /* PopoverView.swift in Sources */,
				E7B7CB6621D66EB600BC292F /* Module.swift in Sources */,
				E72DF9E21DE8651C00A46DA1 /* LeftView.swift in Sources */,
				E7FABB9D21D938F7006B6267 /* Dictionary.swift in Sources */,
				E7A4BA921EDD86C200FC9676 /* LibraryView.swift in Sources */,
				E7D4637B201A2B520055F1DA /* PreferencesView.swift in Sources */,
				CE2F17F31D33C31800BA91A6 /* MainView.swift in Sources */,
				E71B29CF1E0C218200173E77 /* WinController.swift in Sources */,
				CE2F17F11D33C31800BA91A6 /* AppDelegate.swift in Sources */,
			);
			runOnlyForDeploymentPostprocessing = 0;
		};
		E71E2CAC2A12647900136566 /* Sources */ = {
			isa = PBXSourcesBuildPhase;
			buildActionMask = 2147483647;
			files = (
				E75025CE2A28EB0300B86471 /* TitlesView.swift in Sources */,
				E72425D72A179BF600531EA0 /* UserBuy.swift in Sources */,
				E7EA07A82A3B4F840079BCD8 /* String.swift in Sources */,
				E7EA07982A3B4EEC0079BCD8 /* Bible.swift in Sources */,
				E7EA079D2A3B4F0D0079BCD8 /* prepare.swift in Sources */,
				E7CED8342A323CB100CDB269 /* ListView.swift in Sources */,
				E7EA079A2A3B4EF50079BCD8 /* Dictionary.swift in Sources */,
				E7F059942A152550002B6029 /* NavigationBar.swift in Sources */,
				E7EA07A72A3B4F840079BCD8 /* Int.swift in Sources */,
				E71DA9E32A3C8D6600ECBC2F /* ShelfView.swift in Sources */,
				E71E2CB52A12647900136566 /* ContentView.swift in Sources */,
				E7EA07992A3B4EF20079BCD8 /* Commentary.swift in Sources */,
				E7EA07A42A3B4F840079BCD8 /* Array.swift in Sources */,
				E7EA07A62A3B4F840079BCD8 /* Colors.swift in Sources */,
				E7EA07A32A3B4F840079BCD8 /* Defaults.swift in Sources */,
				E7F059922A150380002B6029 /* DetailView.swift in Sources */,
				E7EA079B2A3B4EF80079BCD8 /* Reference.swift in Sources */,
				E7EA079E2A3B4F100079BCD8 /* lib.swift in Sources */,
				E7B185462A42EB3300F8A723 /* ChaptersView.swift in Sources */,
				E71E2CB32A12647900136566 /* iOSApp.swift in Sources */,
				E7EA079F2A3B4F140079BCD8 /* Module.swift in Sources */,
				E71DA9E12A3C8B4400ECBC2F /* Tools.swift in Sources */,
				E7EA079C2A3B4EFD0079BCD8 /* parse.swift in Sources */,
				E7EA07A52A3B4F840079BCD8 /* AttrString.swift in Sources */,
				E7EA07972A3B4EE60079BCD8 /* CustomTools.swift in Sources */,
				E7EA07A02A3B4F170079BCD8 /* utils.swift in Sources */,
			);
			runOnlyForDeploymentPostprocessing = 0;
		};
		E7A121A72AE8FE8A004C3D24 /* Sources */ = {
			isa = PBXSourcesBuildPhase;
			buildActionMask = 2147483647;
			files = (
				E7F195E62AF639D10015341B /* Reference.swift in Sources */,
				E7F195F22AF63B6A0015341B /* Colors.swift in Sources */,
				E7F195EE2AF63B6A0015341B /* Defaults.swift in Sources */,
				E746BCFF2B0E3392009395F6 /* ChaptersTableView.swift in Sources */,
				E7F195F12AF63B6A0015341B /* AttrString.swift in Sources */,
				E7F195DF2AF639D10015341B /* parse.swift in Sources */,
				E7F195E52AF639D10015341B /* Bible.swift in Sources */,
				E7F195E32AF639D10015341B /* Commentary.swift in Sources */,
				E7F195DE2AF639D10015341B /* utils.swift in Sources */,
				E7F195E42AF639D10015341B /* Module.swift in Sources */,
				E7F195F32AF63B6A0015341B /* Array.swift in Sources */,
				E7F195E72AF639D90015341B /* Tools.swift in Sources */,
				E7A121C32AE93438004C3D24 /* TabBar.swift in Sources */,
				E7A121AE2AE8FE8A004C3D24 /* AppDelegate.swift in Sources */,
				E7F195E02AF639D10015341B /* Dictionary.swift in Sources */,
				E75FFA3F2AF43756008E748D /* ScriptureTableView.swift in Sources */,
				E756CC1E2B0F81B8009971D3 /* BooksTableView.swift in Sources */,
				E7F195DD2AF639D10015341B /* CustomTools.swift in Sources */,
				E7F195E22AF639D10015341B /* lib.swift in Sources */,
				E7F195EF2AF63B6A0015341B /* String.swift in Sources */,
				E7F195F02AF63B6A0015341B /* Int.swift in Sources */,
				E7A121B02AE8FE8A004C3D24 /* SceneDelegate.swift in Sources */,
				E7F195E12AF639D10015341B /* prepare.swift in Sources */,
			);
			runOnlyForDeploymentPostprocessing = 0;
		};
/* End PBXSourcesBuildPhase section */

/* Begin PBXVariantGroup section */
		CE2F17F61D33C31800BA91A6 /* Main.storyboard */ = {
			isa = PBXVariantGroup;
			children = (
				CE2F17F71D33C31800BA91A6 /* Base */,
				E7694F0D202B06FE00E807F0 /* ru */,
				E7B8B601204EFF6300493978 /* uk */,
			);
			name = Main.storyboard;
			sourceTree = "<group>";
		};
		E7A121B32AE8FE8A004C3D24 /* Main.storyboard */ = {
			isa = PBXVariantGroup;
			children = (
				E7A121B42AE8FE8A004C3D24 /* Base */,
			);
			name = Main.storyboard;
			sourceTree = "<group>";
		};
		E7A121B82AE8FE8C004C3D24 /* LaunchScreen.storyboard */ = {
			isa = PBXVariantGroup;
			children = (
				E7A121B92AE8FE8C004C3D24 /* Base */,
			);
			name = LaunchScreen.storyboard;
			sourceTree = "<group>";
		};
		E7C82390202B07EC00287173 /* InfoPlist.strings */ = {
			isa = PBXVariantGroup;
			children = (
				E7C8238F202B07EC00287173 /* ru */,
				E7B8B603204EFF6400493978 /* uk */,
			);
			name = InfoPlist.strings;
			sourceTree = "<group>";
		};
		E7C82395202B07ED00287173 /* Localizable.strings */ = {
			isa = PBXVariantGroup;
			children = (
				E7C82394202B07ED00287173 /* ru */,
				E7B8B602204EFF6300493978 /* uk */,
			);
			name = Localizable.strings;
			sourceTree = "<group>";
		};
		E7F04B7F2B14F1EA00F3AD4D /* ShelfView.storyboard */ = {
			isa = PBXVariantGroup;
			children = (
				E7F04B802B14F1EA00F3AD4D /* Base */,
				E7F04B8F2B14F6FC00F3AD4D /* ru */,
				E7F04B902B14F70400F3AD4D /* uk */,
			);
			name = ShelfView.storyboard;
			sourceTree = "<group>";
		};
/* End PBXVariantGroup section */

/* Begin XCBuildConfiguration section */
		CE2F17FA1D33C31800BA91A6 /* Debug */ = {
			isa = XCBuildConfiguration;
			buildSettings = {
				ALWAYS_SEARCH_USER_PATHS = NO;
				CLANG_ANALYZER_LOCALIZABILITY_NONLOCALIZED = YES;
				CLANG_ANALYZER_NONNULL = YES;
				CLANG_CXX_LANGUAGE_STANDARD = "gnu++0x";
				CLANG_CXX_LIBRARY = "libc++";
				CLANG_ENABLE_MODULES = YES;
				CLANG_ENABLE_OBJC_ARC = YES;
				CLANG_WARN_BLOCK_CAPTURE_AUTORELEASING = YES;
				CLANG_WARN_BOOL_CONVERSION = YES;
				CLANG_WARN_COMMA = YES;
				CLANG_WARN_CONSTANT_CONVERSION = YES;
				CLANG_WARN_DEPRECATED_OBJC_IMPLEMENTATIONS = YES;
				CLANG_WARN_DIRECT_OBJC_ISA_USAGE = YES_ERROR;
				CLANG_WARN_EMPTY_BODY = YES;
				CLANG_WARN_ENUM_CONVERSION = YES;
				CLANG_WARN_INFINITE_RECURSION = YES;
				CLANG_WARN_INT_CONVERSION = YES;
				CLANG_WARN_NON_LITERAL_NULL_CONVERSION = YES;
				CLANG_WARN_OBJC_IMPLICIT_RETAIN_SELF = YES;
				CLANG_WARN_OBJC_LITERAL_CONVERSION = YES;
				CLANG_WARN_OBJC_ROOT_CLASS = YES_ERROR;
				CLANG_WARN_QUOTED_INCLUDE_IN_FRAMEWORK_HEADER = YES;
				CLANG_WARN_RANGE_LOOP_ANALYSIS = YES;
				CLANG_WARN_STRICT_PROTOTYPES = YES;
				CLANG_WARN_SUSPICIOUS_MOVE = YES;
				CLANG_WARN_UNREACHABLE_CODE = YES;
				CLANG_WARN__DUPLICATE_METHOD_MATCH = YES;
				CODE_SIGN_IDENTITY = "-";
				COPY_PHASE_STRIP = NO;
				DEAD_CODE_STRIPPING = YES;
				DEBUG_INFORMATION_FORMAT = dwarf;
				ENABLE_STRICT_OBJC_MSGSEND = YES;
				ENABLE_TESTABILITY = YES;
				ENABLE_USER_SCRIPT_SANDBOXING = YES;
				GCC_C_LANGUAGE_STANDARD = gnu99;
				GCC_DYNAMIC_NO_PIC = NO;
				GCC_NO_COMMON_BLOCKS = YES;
				GCC_OPTIMIZATION_LEVEL = 0;
				GCC_PREPROCESSOR_DEFINITIONS = (
					"DEBUG=1",
					"$(inherited)",
				);
				GCC_WARN_64_TO_32_BIT_CONVERSION = YES;
				GCC_WARN_ABOUT_RETURN_TYPE = YES_ERROR;
				GCC_WARN_UNDECLARED_SELECTOR = YES;
				GCC_WARN_UNINITIALIZED_AUTOS = YES_AGGRESSIVE;
				GCC_WARN_UNUSED_FUNCTION = YES;
				GCC_WARN_UNUSED_VARIABLE = YES;
				MACOSX_DEPLOYMENT_TARGET = 10.12;
				MTL_ENABLE_DEBUG_INFO = YES;
				ONLY_ACTIVE_ARCH = YES;
				SDKROOT = macosx;
				SWIFT_OPTIMIZATION_LEVEL = "-Onone";
			};
			name = Debug;
		};
		CE2F17FB1D33C31800BA91A6 /* Release */ = {
			isa = XCBuildConfiguration;
			buildSettings = {
				ALWAYS_SEARCH_USER_PATHS = NO;
				CLANG_ANALYZER_LOCALIZABILITY_NONLOCALIZED = YES;
				CLANG_ANALYZER_NONNULL = YES;
				CLANG_CXX_LANGUAGE_STANDARD = "gnu++0x";
				CLANG_CXX_LIBRARY = "libc++";
				CLANG_ENABLE_MODULES = YES;
				CLANG_ENABLE_OBJC_ARC = YES;
				CLANG_WARN_BLOCK_CAPTURE_AUTORELEASING = YES;
				CLANG_WARN_BOOL_CONVERSION = YES;
				CLANG_WARN_COMMA = YES;
				CLANG_WARN_CONSTANT_CONVERSION = YES;
				CLANG_WARN_DEPRECATED_OBJC_IMPLEMENTATIONS = YES;
				CLANG_WARN_DIRECT_OBJC_ISA_USAGE = YES_ERROR;
				CLANG_WARN_EMPTY_BODY = YES;
				CLANG_WARN_ENUM_CONVERSION = YES;
				CLANG_WARN_INFINITE_RECURSION = YES;
				CLANG_WARN_INT_CONVERSION = YES;
				CLANG_WARN_NON_LITERAL_NULL_CONVERSION = YES;
				CLANG_WARN_OBJC_IMPLICIT_RETAIN_SELF = YES;
				CLANG_WARN_OBJC_LITERAL_CONVERSION = YES;
				CLANG_WARN_OBJC_ROOT_CLASS = YES_ERROR;
				CLANG_WARN_QUOTED_INCLUDE_IN_FRAMEWORK_HEADER = YES;
				CLANG_WARN_RANGE_LOOP_ANALYSIS = YES;
				CLANG_WARN_STRICT_PROTOTYPES = YES;
				CLANG_WARN_SUSPICIOUS_MOVE = YES;
				CLANG_WARN_UNREACHABLE_CODE = YES;
				CLANG_WARN__DUPLICATE_METHOD_MATCH = YES;
				CODE_SIGN_IDENTITY = "-";
				COPY_PHASE_STRIP = NO;
				DEAD_CODE_STRIPPING = YES;
				DEBUG_INFORMATION_FORMAT = "dwarf-with-dsym";
				ENABLE_NS_ASSERTIONS = NO;
				ENABLE_STRICT_OBJC_MSGSEND = YES;
				ENABLE_USER_SCRIPT_SANDBOXING = YES;
				GCC_C_LANGUAGE_STANDARD = gnu99;
				GCC_NO_COMMON_BLOCKS = YES;
				GCC_WARN_64_TO_32_BIT_CONVERSION = YES;
				GCC_WARN_ABOUT_RETURN_TYPE = YES_ERROR;
				GCC_WARN_UNDECLARED_SELECTOR = YES;
				GCC_WARN_UNINITIALIZED_AUTOS = YES_AGGRESSIVE;
				GCC_WARN_UNUSED_FUNCTION = YES;
				GCC_WARN_UNUSED_VARIABLE = YES;
				MACOSX_DEPLOYMENT_TARGET = 10.12;
				MTL_ENABLE_DEBUG_INFO = NO;
				SDKROOT = macosx;
				SWIFT_COMPILATION_MODE = wholemodule;
				SWIFT_OPTIMIZATION_LEVEL = "-O";
			};
			name = Release;
		};
		CE2F17FD1D33C31800BA91A6 /* Debug */ = {
			isa = XCBuildConfiguration;
			buildSettings = {
				ASSETCATALOG_COMPILER_INCLUDE_ALL_APPICON_ASSETS = NO;
				CLANG_ENABLE_MODULES = YES;
				CODE_SIGN_ENTITLEMENTS = "Unbound Bible.entitlements";
				CODE_SIGN_IDENTITY = "-";
				CODE_SIGN_STYLE = Automatic;
				COMBINE_HIDPI_IMAGES = YES;
				CURRENT_PROJECT_VERSION = 20;
				DEAD_CODE_STRIPPING = YES;
				DEVELOPMENT_TEAM = ZK5Z2R2KTA;
				INFOPLIST_FILE = "$(SRCROOT)/macOS/Info.plist";
				LD_RUNPATH_SEARCH_PATHS = (
					"$(inherited)",
					"@executable_path/../Frameworks",
				);
				MACOSX_DEPLOYMENT_TARGET = "$(RECOMMENDED_MACOSX_DEPLOYMENT_TARGET)";
				MARKETING_VERSION = 5.3.1;
				PRODUCT_BUNDLE_IDENTIFIER = info.unboundbible;
				PRODUCT_NAME = "Unbound Bible";
				PROVISIONING_PROFILE = "";
				PROVISIONING_PROFILE_SPECIFIER = "";
				SWIFT_OBJC_BRIDGING_HEADER = "";
				SWIFT_OPTIMIZATION_LEVEL = "-Onone";
				SWIFT_VERSION = 5.0;
			};
			name = Debug;
		};
		CE2F17FE1D33C31800BA91A6 /* Release */ = {
			isa = XCBuildConfiguration;
			buildSettings = {
				ASSETCATALOG_COMPILER_INCLUDE_ALL_APPICON_ASSETS = NO;
				CLANG_ENABLE_MODULES = YES;
				CODE_SIGN_ENTITLEMENTS = "Unbound Bible.entitlements";
				CODE_SIGN_IDENTITY = "Apple Development";
				"CODE_SIGN_IDENTITY[sdk=macosx*]" = "3rd Party Mac Developer Application";
				CODE_SIGN_STYLE = Manual;
				COMBINE_HIDPI_IMAGES = YES;
				CURRENT_PROJECT_VERSION = 20;
				DEAD_CODE_STRIPPING = YES;
				DEVELOPMENT_TEAM = "";
				"DEVELOPMENT_TEAM[sdk=macosx*]" = ZK5Z2R2KTA;
				ENABLE_HARDENED_RUNTIME = YES;
				INFOPLIST_FILE = "$(SRCROOT)/macOS/Info.plist";
				LD_RUNPATH_SEARCH_PATHS = (
					"$(inherited)",
					"@executable_path/../Frameworks",
				);
				MACOSX_DEPLOYMENT_TARGET = "$(RECOMMENDED_MACOSX_DEPLOYMENT_TARGET)";
				MARKETING_VERSION = 5.3.1;
				PRODUCT_BUNDLE_IDENTIFIER = info.unboundbible;
				PRODUCT_NAME = "Unbound Bible";
				PROVISIONING_PROFILE = "69294aa1-508c-49cc-9a99-7516601ff10f";
				PROVISIONING_PROFILE_SPECIFIER = "";
				"PROVISIONING_PROFILE_SPECIFIER[sdk=macosx*]" = "Provisioning Profile";
				SWIFT_OBJC_BRIDGING_HEADER = "";
				SWIFT_VERSION = 5.0;
			};
			name = Release;
		};
		E71E2CBB2A12647A00136566 /* Debug */ = {
			isa = XCBuildConfiguration;
			buildSettings = {
				ASSETCATALOG_COMPILER_APPICON_NAME = AppIcon;
				ASSETCATALOG_COMPILER_GLOBAL_ACCENT_COLOR_NAME = AccentColor;
				CLANG_ANALYZER_NUMBER_OBJECT_CONVERSION = YES_AGGRESSIVE;
				CLANG_CXX_LANGUAGE_STANDARD = "gnu++20";
				CLANG_ENABLE_OBJC_WEAK = YES;
				CLANG_WARN_DOCUMENTATION_COMMENTS = YES;
				CLANG_WARN_UNGUARDED_AVAILABILITY = YES_AGGRESSIVE;
				"CODE_SIGN_IDENTITY[sdk=iphoneos*]" = "Apple Development";
				CODE_SIGN_STYLE = Automatic;
				CURRENT_PROJECT_VERSION = 1;
				DEVELOPMENT_ASSET_PATHS = "\"iOS/Preview Content\"";
				DEVELOPMENT_TEAM = ZK5Z2R2KTA;
				ENABLE_PREVIEWS = YES;
				GCC_C_LANGUAGE_STANDARD = gnu11;
				GENERATE_INFOPLIST_FILE = YES;
				INFOPLIST_KEY_UIApplicationSceneManifest_Generation = YES;
				INFOPLIST_KEY_UIApplicationSupportsIndirectInputEvents = YES;
				INFOPLIST_KEY_UILaunchScreen_Generation = YES;
				INFOPLIST_KEY_UISupportedInterfaceOrientations_iPad = "UIInterfaceOrientationPortrait UIInterfaceOrientationPortraitUpsideDown UIInterfaceOrientationLandscapeLeft UIInterfaceOrientationLandscapeRight";
				INFOPLIST_KEY_UISupportedInterfaceOrientations_iPhone = "UIInterfaceOrientationPortrait UIInterfaceOrientationLandscapeLeft UIInterfaceOrientationLandscapeRight";
				IPHONEOS_DEPLOYMENT_TARGET = 17.0;
				LD_RUNPATH_SEARCH_PATHS = (
					"$(inherited)",
					"@executable_path/Frameworks",
				);
				MACOSX_DEPLOYMENT_TARGET = "$(RECOMMENDED_MACOSX_DEPLOYMENT_TARGET)";
				MARKETING_VERSION = 1.0;
				MTL_ENABLE_DEBUG_INFO = INCLUDE_SOURCE;
				MTL_FAST_MATH = YES;
				PRODUCT_BUNDLE_IDENTIFIER = net.unboundbible;
				PRODUCT_NAME = "Unbound Bible";
				SDKROOT = iphoneos;
				SUPPORTED_PLATFORMS = "iphoneos iphonesimulator";
				SUPPORTS_MACCATALYST = NO;
				SUPPORTS_XR_DESIGNED_FOR_IPHONE_IPAD = NO;
				SWIFT_ACTIVE_COMPILATION_CONDITIONS = DEBUG;
				SWIFT_EMIT_LOC_STRINGS = YES;
				SWIFT_VERSION = 5.0;
				TARGETED_DEVICE_FAMILY = 1;
			};
			name = Debug;
		};
		E71E2CBC2A12647A00136566 /* Release */ = {
			isa = XCBuildConfiguration;
			buildSettings = {
				ASSETCATALOG_COMPILER_APPICON_NAME = AppIcon;
				ASSETCATALOG_COMPILER_GLOBAL_ACCENT_COLOR_NAME = AccentColor;
				CLANG_ANALYZER_NUMBER_OBJECT_CONVERSION = YES_AGGRESSIVE;
				CLANG_CXX_LANGUAGE_STANDARD = "gnu++20";
				CLANG_ENABLE_OBJC_WEAK = YES;
				CLANG_WARN_DOCUMENTATION_COMMENTS = YES;
				CLANG_WARN_UNGUARDED_AVAILABILITY = YES_AGGRESSIVE;
				"CODE_SIGN_IDENTITY[sdk=iphoneos*]" = "Apple Development";
				CODE_SIGN_STYLE = Automatic;
				CURRENT_PROJECT_VERSION = 1;
				DEVELOPMENT_ASSET_PATHS = "\"iOS/Preview Content\"";
				DEVELOPMENT_TEAM = ZK5Z2R2KTA;
				ENABLE_PREVIEWS = YES;
				GCC_C_LANGUAGE_STANDARD = gnu11;
				GENERATE_INFOPLIST_FILE = YES;
				INFOPLIST_KEY_UIApplicationSceneManifest_Generation = YES;
				INFOPLIST_KEY_UIApplicationSupportsIndirectInputEvents = YES;
				INFOPLIST_KEY_UILaunchScreen_Generation = YES;
				INFOPLIST_KEY_UISupportedInterfaceOrientations_iPad = "UIInterfaceOrientationPortrait UIInterfaceOrientationPortraitUpsideDown UIInterfaceOrientationLandscapeLeft UIInterfaceOrientationLandscapeRight";
				INFOPLIST_KEY_UISupportedInterfaceOrientations_iPhone = "UIInterfaceOrientationPortrait UIInterfaceOrientationLandscapeLeft UIInterfaceOrientationLandscapeRight";
				IPHONEOS_DEPLOYMENT_TARGET = 17.0;
				LD_RUNPATH_SEARCH_PATHS = (
					"$(inherited)",
					"@executable_path/Frameworks",
				);
				MACOSX_DEPLOYMENT_TARGET = "$(RECOMMENDED_MACOSX_DEPLOYMENT_TARGET)";
				MARKETING_VERSION = 1.0;
				MTL_FAST_MATH = YES;
				PRODUCT_BUNDLE_IDENTIFIER = net.unboundbible;
				PRODUCT_NAME = "Unbound Bible";
				SDKROOT = iphoneos;
				SUPPORTED_PLATFORMS = "iphoneos iphonesimulator";
				SUPPORTS_MACCATALYST = NO;
				SUPPORTS_XR_DESIGNED_FOR_IPHONE_IPAD = NO;
				SWIFT_EMIT_LOC_STRINGS = YES;
				SWIFT_VERSION = 5.0;
				TARGETED_DEVICE_FAMILY = 1;
				VALIDATE_PRODUCT = YES;
			};
			name = Release;
		};
		E7A121BD2AE8FE8C004C3D24 /* Debug */ = {
			isa = XCBuildConfiguration;
			buildSettings = {
				ASSETCATALOG_COMPILER_APPICON_NAME = AppIcon;
				ASSETCATALOG_COMPILER_GENERATE_SWIFT_ASSET_SYMBOL_EXTENSIONS = YES;
				ASSETCATALOG_COMPILER_GLOBAL_ACCENT_COLOR_NAME = AccentColor;
				CLANG_ANALYZER_NUMBER_OBJECT_CONVERSION = YES_AGGRESSIVE;
				CLANG_CXX_LANGUAGE_STANDARD = "gnu++20";
				CLANG_ENABLE_OBJC_WEAK = YES;
				CLANG_WARN_DOCUMENTATION_COMMENTS = YES;
				CLANG_WARN_UNGUARDED_AVAILABILITY = YES_AGGRESSIVE;
				"CODE_SIGN_IDENTITY[sdk=iphoneos*]" = "Apple Development";
				CODE_SIGN_STYLE = Automatic;
				CURRENT_PROJECT_VERSION = 1;
				DEVELOPMENT_TEAM = ZK5Z2R2KTA;
				GCC_C_LANGUAGE_STANDARD = gnu17;
				GENERATE_INFOPLIST_FILE = YES;
				INFOPLIST_FILE = iOSApp/Info.plist;
				INFOPLIST_KEY_UIApplicationSupportsIndirectInputEvents = YES;
				INFOPLIST_KEY_UILaunchStoryboardName = LaunchScreen;
				INFOPLIST_KEY_UIMainStoryboardFile = Main;
				INFOPLIST_KEY_UISupportedInterfaceOrientations_iPad = "UIInterfaceOrientationPortrait UIInterfaceOrientationPortraitUpsideDown UIInterfaceOrientationLandscapeLeft UIInterfaceOrientationLandscapeRight";
				INFOPLIST_KEY_UISupportedInterfaceOrientations_iPhone = "UIInterfaceOrientationPortrait UIInterfaceOrientationLandscapeLeft UIInterfaceOrientationLandscapeRight";
				IPHONEOS_DEPLOYMENT_TARGET = 16.0;
				LD_RUNPATH_SEARCH_PATHS = (
					"$(inherited)",
					"@executable_path/Frameworks",
				);
				LOCALIZATION_PREFERS_STRING_CATALOGS = YES;
				MARKETING_VERSION = 1.0;
				MTL_ENABLE_DEBUG_INFO = INCLUDE_SOURCE;
				MTL_FAST_MATH = YES;
				PRODUCT_BUNDLE_IDENTIFIER = net.unboundbible.iOSApp;
				PRODUCT_NAME = "$(TARGET_NAME)";
				SDKROOT = iphoneos;
				SWIFT_ACTIVE_COMPILATION_CONDITIONS = "DEBUG $(inherited)";
				SWIFT_EMIT_LOC_STRINGS = YES;
				SWIFT_VERSION = 5.0;
				TARGETED_DEVICE_FAMILY = "1,2";
			};
			name = Debug;
		};
		E7A121BE2AE8FE8C004C3D24 /* Release */ = {
			isa = XCBuildConfiguration;
			buildSettings = {
				ASSETCATALOG_COMPILER_APPICON_NAME = AppIcon;
				ASSETCATALOG_COMPILER_GENERATE_SWIFT_ASSET_SYMBOL_EXTENSIONS = YES;
				ASSETCATALOG_COMPILER_GLOBAL_ACCENT_COLOR_NAME = AccentColor;
				CLANG_ANALYZER_NUMBER_OBJECT_CONVERSION = YES_AGGRESSIVE;
				CLANG_CXX_LANGUAGE_STANDARD = "gnu++20";
				CLANG_ENABLE_OBJC_WEAK = YES;
				CLANG_WARN_DOCUMENTATION_COMMENTS = YES;
				CLANG_WARN_UNGUARDED_AVAILABILITY = YES_AGGRESSIVE;
				"CODE_SIGN_IDENTITY[sdk=iphoneos*]" = "Apple Development";
				CODE_SIGN_STYLE = Automatic;
				CURRENT_PROJECT_VERSION = 1;
				DEVELOPMENT_TEAM = ZK5Z2R2KTA;
				GCC_C_LANGUAGE_STANDARD = gnu17;
				GENERATE_INFOPLIST_FILE = YES;
				INFOPLIST_FILE = iOSApp/Info.plist;
				INFOPLIST_KEY_UIApplicationSupportsIndirectInputEvents = YES;
				INFOPLIST_KEY_UILaunchStoryboardName = LaunchScreen;
				INFOPLIST_KEY_UIMainStoryboardFile = Main;
				INFOPLIST_KEY_UISupportedInterfaceOrientations_iPad = "UIInterfaceOrientationPortrait UIInterfaceOrientationPortraitUpsideDown UIInterfaceOrientationLandscapeLeft UIInterfaceOrientationLandscapeRight";
				INFOPLIST_KEY_UISupportedInterfaceOrientations_iPhone = "UIInterfaceOrientationPortrait UIInterfaceOrientationLandscapeLeft UIInterfaceOrientationLandscapeRight";
				IPHONEOS_DEPLOYMENT_TARGET = 16.0;
				LD_RUNPATH_SEARCH_PATHS = (
					"$(inherited)",
					"@executable_path/Frameworks",
				);
				LOCALIZATION_PREFERS_STRING_CATALOGS = YES;
				MARKETING_VERSION = 1.0;
				MTL_FAST_MATH = YES;
				PRODUCT_BUNDLE_IDENTIFIER = net.unboundbible.iOSApp;
				PRODUCT_NAME = "$(TARGET_NAME)";
				SDKROOT = iphoneos;
				SWIFT_EMIT_LOC_STRINGS = YES;
				SWIFT_VERSION = 5.0;
				TARGETED_DEVICE_FAMILY = "1,2";
				VALIDATE_PRODUCT = YES;
			};
			name = Release;
		};
/* End XCBuildConfiguration section */

/* Begin XCConfigurationList section */
		CE2F17E81D33C31800BA91A6 /* Build configuration list for PBXProject "Unbound Bible" */ = {
			isa = XCConfigurationList;
			buildConfigurations = (
				CE2F17FA1D33C31800BA91A6 /* Debug */,
				CE2F17FB1D33C31800BA91A6 /* Release */,
			);
			defaultConfigurationIsVisible = 0;
			defaultConfigurationName = Debug;
		};
		CE2F17FC1D33C31800BA91A6 /* Build configuration list for PBXNativeTarget "macOS" */ = {
			isa = XCConfigurationList;
			buildConfigurations = (
				CE2F17FD1D33C31800BA91A6 /* Debug */,
				CE2F17FE1D33C31800BA91A6 /* Release */,
			);
			defaultConfigurationIsVisible = 0;
			defaultConfigurationName = Debug;
		};
		E71E2CBD2A12647A00136566 /* Build configuration list for PBXNativeTarget "iOS" */ = {
			isa = XCConfigurationList;
			buildConfigurations = (
				E71E2CBB2A12647A00136566 /* Debug */,
				E71E2CBC2A12647A00136566 /* Release */,
			);
			defaultConfigurationIsVisible = 0;
			defaultConfigurationName = Debug;
		};
		E7A121BC2AE8FE8C004C3D24 /* Build configuration list for PBXNativeTarget "iOSApp" */ = {
			isa = XCConfigurationList;
			buildConfigurations = (
				E7A121BD2AE8FE8C004C3D24 /* Debug */,
				E7A121BE2AE8FE8C004C3D24 /* Release */,
			);
			defaultConfigurationIsVisible = 0;
			defaultConfigurationName = Debug;
		};
/* End XCConfigurationList section */

/* Begin XCRemoteSwiftPackageReference section */
		E77D230E29FC25040025C4C1 /* XCRemoteSwiftPackageReference "GRDB" */ = {
			isa = XCRemoteSwiftPackageReference;
			repositoryURL = "https://github.com/groue/GRDB.swift";
			requirement = {
				branch = master;
				kind = branch;
			};
		};
/* End XCRemoteSwiftPackageReference section */

/* Begin XCSwiftPackageProductDependency section */
		E77D230F29FC25040025C4C1 /* GRDB */ = {
			isa = XCSwiftPackageProductDependency;
			package = E77D230E29FC25040025C4C1 /* XCRemoteSwiftPackageReference "GRDB" */;
			productName = GRDB;
		};
		E7EA07A12A3B4F550079BCD8 /* GRDB */ = {
			isa = XCSwiftPackageProductDependency;
			package = E77D230E29FC25040025C4C1 /* XCRemoteSwiftPackageReference "GRDB" */;
			productName = GRDB;
		};
		E7F195EC2AF63B2D0015341B /* GRDB */ = {
			isa = XCSwiftPackageProductDependency;
			package = E77D230E29FC25040025C4C1 /* XCRemoteSwiftPackageReference "GRDB" */;
			productName = GRDB;
		};
/* End XCSwiftPackageProductDependency section */
	};
	rootObject = CE2F17E51D33C31800BA91A6 /* Project object */;
}
