// !$*UTF8*$!
{
	archiveVersion = 1;
	classes = {
	};
	objectVersion = 46;
	objects = {

/* Begin PBXBuildFile section */
		CE2F17F11D33C31800BA91A6 /* AppDelegate.swift in Sources */ = {isa = PBXBuildFile; fileRef = CE2F17F01D33C31800BA91A6 /* AppDelegate.swift */; };
		CE2F17F31D33C31800BA91A6 /* MainView.swift in Sources */ = {isa = PBXBuildFile; fileRef = CE2F17F21D33C31800BA91A6 /* MainView.swift */; };
		CE2F17F51D33C31800BA91A6 /* Assets.xcassets in Resources */ = {isa = PBXBuildFile; fileRef = CE2F17F41D33C31800BA91A6 /* Assets.xcassets */; };
		CE2F17F81D33C31800BA91A6 /* Main.storyboard in Resources */ = {isa = PBXBuildFile; fileRef = CE2F17F61D33C31800BA91A6 /* Main.storyboard */; };
		E70BA7E9224DE54F002B60D7 /* data.swift in Sources */ = {isa = PBXBuildFile; fileRef = E70BA7E8224DE54F002B60D7 /* data.swift */; };
		E70BA7EA224DE54F002B60D7 /* data.swift in Sources */ = {isa = PBXBuildFile; fileRef = E70BA7E8224DE54F002B60D7 /* data.swift */; };
		E71485B923AA5EF6009369D4 /* lib.swift in Sources */ = {isa = PBXBuildFile; fileRef = E71485B823AA5EF6009369D4 /* lib.swift */; };
		E71485BA23AA5EF6009369D4 /* lib.swift in Sources */ = {isa = PBXBuildFile; fileRef = E71485B823AA5EF6009369D4 /* lib.swift */; };
		E71B29CF1E0C218200173E77 /* WinController.swift in Sources */ = {isa = PBXBuildFile; fileRef = E71B29CE1E0C218200173E77 /* WinController.swift */; };
		E7228FB6205142AE00C78C3C /* titles in Resources */ = {isa = PBXBuildFile; fileRef = E7228FB5205142AE00C78C3C /* titles */; };
		E725BA1E2193196000247627 /* View.swift in Sources */ = {isa = PBXBuildFile; fileRef = E725BA1D2193196000247627 /* View.swift */; };
		E72C3DF121EF46B1007A143F /* CommentsView.swift in Sources */ = {isa = PBXBuildFile; fileRef = E72C3DF021EF46B1007A143F /* CommentsView.swift */; };
		E72DF9E21DE8651C00A46DA1 /* LeftView.swift in Sources */ = {isa = PBXBuildFile; fileRef = E72DF9E11DE8651C00A46DA1 /* LeftView.swift */; };
		E7382CBA21CC006400DF8772 /* prepare.swift in Sources */ = {isa = PBXBuildFile; fileRef = E7382CB921CC006400DF8772 /* prepare.swift */; };
		E73BF4641EF8548C0028FB62 /* BibleText.swift in Sources */ = {isa = PBXBuildFile; fileRef = E73BF4631EF8548C0028FB62 /* BibleText.swift */; };
		E74040F21ED5A40F00F96C48 /* CopyView.swift in Sources */ = {isa = PBXBuildFile; fileRef = E74040F11ED5A40F00F96C48 /* CopyView.swift */; };
		E75525952051334A00BDD425 /* bibles in Resources */ = {isa = PBXBuildFile; fileRef = E75525942051334A00BDD425 /* bibles */; };
		E75F12C11FF25D79006EDAC9 /* parse.swift in Sources */ = {isa = PBXBuildFile; fileRef = E75F12C01FF25D79006EDAC9 /* parse.swift */; };
		E77BCA6D1FF4E44A00F950B5 /* Titles.swift in Sources */ = {isa = PBXBuildFile; fileRef = E77BCA6C1FF4E44A00F950B5 /* Titles.swift */; };
		E781C6301EF15A2B00AA0BCA /* DownloadView.swift in Sources */ = {isa = PBXBuildFile; fileRef = E781C62F1EF15A2B00AA0BCA /* DownloadView.swift */; };
		E7A0D72223AAA28800C48A54 /* extensions.swift in Sources */ = {isa = PBXBuildFile; fileRef = E7A0D72123AAA28800C48A54 /* extensions.swift */; };
		E7A0D72323AAA28800C48A54 /* extensions.swift in Sources */ = {isa = PBXBuildFile; fileRef = E7A0D72123AAA28800C48A54 /* extensions.swift */; };
		E7A0D72523AAA36200C48A54 /* extension.swift in Sources */ = {isa = PBXBuildFile; fileRef = E7A0D72423AAA36200C48A54 /* extension.swift */; };
		E7A0D72623AAAAE400C48A54 /* Module.swift in Sources */ = {isa = PBXBuildFile; fileRef = E7B7CB6521D66EB600BC292F /* Module.swift */; };
		E7A0D72723AAAB4400C48A54 /* FMDatabase.m in Sources */ = {isa = PBXBuildFile; fileRef = E7BECE3B1EA9372900CF3386 /* FMDatabase.m */; };
		E7A0D72823AAAB4700C48A54 /* FMDatabaseAdditions.m in Sources */ = {isa = PBXBuildFile; fileRef = E7BECE3D1EA9372900CF3386 /* FMDatabaseAdditions.m */; };
		E7A0D72923AAAB4B00C48A54 /* FMDatabasePool.m in Sources */ = {isa = PBXBuildFile; fileRef = E7BECE3F1EA9372900CF3386 /* FMDatabasePool.m */; };
		E7A0D72A23AAAB4E00C48A54 /* FMDatabaseQueue.m in Sources */ = {isa = PBXBuildFile; fileRef = E7BECE411EA9372900CF3386 /* FMDatabaseQueue.m */; };
		E7A0D72B23AAAB5200C48A54 /* FMResultSet.m in Sources */ = {isa = PBXBuildFile; fileRef = E7BECE441EA9372900CF3386 /* FMResultSet.m */; };
		E7A0D72E23AAAC1300C48A54 /* libsqlite3.tbd in Frameworks */ = {isa = PBXBuildFile; fileRef = E7A0D72D23AAAC0400C48A54 /* libsqlite3.tbd */; };
		E7A0D72F23AAAEAB00C48A54 /* Shelf.swift in Sources */ = {isa = PBXBuildFile; fileRef = E7EF67621FF38F3400360C1D /* Shelf.swift */; };
		E7A0D73023AAAEE000C48A54 /* Titles.swift in Sources */ = {isa = PBXBuildFile; fileRef = E77BCA6C1FF4E44A00F950B5 /* Titles.swift */; };
		E7A0D73123AAAEFC00C48A54 /* prepare.swift in Sources */ = {isa = PBXBuildFile; fileRef = E7382CB921CC006400DF8772 /* prepare.swift */; };
		E7A0D73223AAAF2500C48A54 /* Commentary.swift in Sources */ = {isa = PBXBuildFile; fileRef = E7FABB9A21D938D3006B6267 /* Commentary.swift */; };
		E7A0D73323AAAF2800C48A54 /* Dictionary.swift in Sources */ = {isa = PBXBuildFile; fileRef = E7FABB9C21D938F7006B6267 /* Dictionary.swift */; };
		E7A0D73423AAAF5A00C48A54 /* parse.swift in Sources */ = {isa = PBXBuildFile; fileRef = E75F12C01FF25D79006EDAC9 /* parse.swift */; };
		E7A4BA921EDD86C200FC9676 /* LibraryView.swift in Sources */ = {isa = PBXBuildFile; fileRef = E7A4BA911EDD86C200FC9676 /* LibraryView.swift */; };
		E7A8917C20152879008A7695 /* СustomText.swift in Sources */ = {isa = PBXBuildFile; fileRef = E7A8917B20152879008A7695 /* СustomText.swift */; };
		E7A8917E20152893008A7695 /* CommonText.swift in Sources */ = {isa = PBXBuildFile; fileRef = E7A8917D20152893008A7695 /* CommonText.swift */; };
		E7B54D3621D28FF2003ED5C5 /* PopoverView.swift in Sources */ = {isa = PBXBuildFile; fileRef = E7B54D3521D28FF2003ED5C5 /* PopoverView.swift */; };
		E7B7CB6621D66EB600BC292F /* Module.swift in Sources */ = {isa = PBXBuildFile; fileRef = E7B7CB6521D66EB600BC292F /* Module.swift */; };
		E7BECE451EA9372900CF3386 /* FMDatabase.m in Sources */ = {isa = PBXBuildFile; fileRef = E7BECE3B1EA9372900CF3386 /* FMDatabase.m */; };
		E7BECE461EA9372900CF3386 /* FMDatabaseAdditions.m in Sources */ = {isa = PBXBuildFile; fileRef = E7BECE3D1EA9372900CF3386 /* FMDatabaseAdditions.m */; };
		E7BECE471EA9372900CF3386 /* FMDatabasePool.m in Sources */ = {isa = PBXBuildFile; fileRef = E7BECE3F1EA9372900CF3386 /* FMDatabasePool.m */; };
		E7BECE481EA9372900CF3386 /* FMDatabaseQueue.m in Sources */ = {isa = PBXBuildFile; fileRef = E7BECE411EA9372900CF3386 /* FMDatabaseQueue.m */; };
		E7BECE491EA9372900CF3386 /* FMResultSet.m in Sources */ = {isa = PBXBuildFile; fileRef = E7BECE441EA9372900CF3386 /* FMResultSet.m */; };
		E7BECE4C1EA9390400CF3386 /* libsqlite3.tbd in Frameworks */ = {isa = PBXBuildFile; fileRef = E7BECE4B1EA9390400CF3386 /* libsqlite3.tbd */; settings = {ATTRIBUTES = (Required, ); }; };
		E7C21903201522F300E90AC6 /* NotesText.swift in Sources */ = {isa = PBXBuildFile; fileRef = E7C21902201522F300E90AC6 /* NotesText.swift */; };
		E7C8238E202B07EC00287173 /* InfoPlist.strings in Resources */ = {isa = PBXBuildFile; fileRef = E7C82390202B07EC00287173 /* InfoPlist.strings */; };
		E7C82393202B07ED00287173 /* Localizable.strings in Resources */ = {isa = PBXBuildFile; fileRef = E7C82395202B07ED00287173 /* Localizable.strings */; };
		E7D39EE020906EF7004D3097 /* AppDelegate.swift in Sources */ = {isa = PBXBuildFile; fileRef = E7D39EDF20906EF7004D3097 /* AppDelegate.swift */; };
		E7D39EE220906EF7004D3097 /* RootViewController.swift in Sources */ = {isa = PBXBuildFile; fileRef = E7D39EE120906EF7004D3097 /* RootViewController.swift */; };
		E7D39EE420906EF7004D3097 /* DataViewController.swift in Sources */ = {isa = PBXBuildFile; fileRef = E7D39EE320906EF7004D3097 /* DataViewController.swift */; };
		E7D39EE620906EF7004D3097 /* ModelController.swift in Sources */ = {isa = PBXBuildFile; fileRef = E7D39EE520906EF7004D3097 /* ModelController.swift */; };
		E7D39EE920906EF7004D3097 /* Main.storyboard in Resources */ = {isa = PBXBuildFile; fileRef = E7D39EE720906EF7004D3097 /* Main.storyboard */; };
		E7D39EEB20906EF7004D3097 /* Assets.xcassets in Resources */ = {isa = PBXBuildFile; fileRef = E7D39EEA20906EF7004D3097 /* Assets.xcassets */; };
		E7D39EEE20906EF7004D3097 /* LaunchScreen.storyboard in Resources */ = {isa = PBXBuildFile; fileRef = E7D39EEC20906EF7004D3097 /* LaunchScreen.storyboard */; };
		E7D4637B201A2B520055F1DA /* PreferencesView.swift in Sources */ = {isa = PBXBuildFile; fileRef = E7D4637A201A2B520055F1DA /* PreferencesView.swift */; };
		E7DD51A51DE764A70003D654 /* tools.swift in Sources */ = {isa = PBXBuildFile; fileRef = E7DD51A41DE764A70003D654 /* tools.swift */; };
		E7DDA4B01EE960E400022638 /* SplitView.swift in Sources */ = {isa = PBXBuildFile; fileRef = E7DDA4AF1EE960E400022638 /* SplitView.swift */; };
		E7E3D4F81E12B1C400912F37 /* SearchView.swift in Sources */ = {isa = PBXBuildFile; fileRef = E7E3D4F71E12B1C400912F37 /* SearchView.swift */; };
		E7EF67631FF38F3400360C1D /* Shelf.swift in Sources */ = {isa = PBXBuildFile; fileRef = E7EF67621FF38F3400360C1D /* Shelf.swift */; };
		E7F5071B20509AEC0019F546 /* icns.icns in Resources */ = {isa = PBXBuildFile; fileRef = E7F5071A20509AEB0019F546 /* icns.icns */; };
		E7F771361DE865FE004AF6C0 /* RigthView.swift in Sources */ = {isa = PBXBuildFile; fileRef = E7F771351DE865FE004AF6C0 /* RigthView.swift */; };
		E7FABB9B21D938D3006B6267 /* Commentary.swift in Sources */ = {isa = PBXBuildFile; fileRef = E7FABB9A21D938D3006B6267 /* Commentary.swift */; };
		E7FABB9D21D938F7006B6267 /* Dictionary.swift in Sources */ = {isa = PBXBuildFile; fileRef = E7FABB9C21D938F7006B6267 /* Dictionary.swift */; };
/* End PBXBuildFile section */

/* Begin PBXFileReference section */
		CE2F17ED1D33C31800BA91A6 /* Unbound Bible.app */ = {isa = PBXFileReference; explicitFileType = wrapper.application; includeInIndex = 0; path = "Unbound Bible.app"; sourceTree = BUILT_PRODUCTS_DIR; };
		CE2F17F01D33C31800BA91A6 /* AppDelegate.swift */ = {isa = PBXFileReference; lastKnownFileType = sourcecode.swift; path = AppDelegate.swift; sourceTree = "<group>"; };
		CE2F17F21D33C31800BA91A6 /* MainView.swift */ = {isa = PBXFileReference; lastKnownFileType = sourcecode.swift; path = MainView.swift; sourceTree = "<group>"; };
		CE2F17F41D33C31800BA91A6 /* Assets.xcassets */ = {isa = PBXFileReference; lastKnownFileType = folder.assetcatalog; path = Assets.xcassets; sourceTree = "<group>"; };
		CE2F17F71D33C31800BA91A6 /* Base */ = {isa = PBXFileReference; lastKnownFileType = file.storyboard; name = Base; path = Base.lproj/Main.storyboard; sourceTree = "<group>"; };
		CE2F17F91D33C31800BA91A6 /* Info.plist */ = {isa = PBXFileReference; lastKnownFileType = text.plist.xml; path = Info.plist; sourceTree = "<group>"; };
		E70BA7E8224DE54F002B60D7 /* data.swift */ = {isa = PBXFileReference; lastKnownFileType = sourcecode.swift; path = data.swift; sourceTree = "<group>"; };
		E71485B823AA5EF6009369D4 /* lib.swift */ = {isa = PBXFileReference; lastKnownFileType = sourcecode.swift; path = lib.swift; sourceTree = "<group>"; };
		E71B29CE1E0C218200173E77 /* WinController.swift */ = {isa = PBXFileReference; fileEncoding = 4; lastKnownFileType = sourcecode.swift; path = WinController.swift; sourceTree = "<group>"; };
		E7228FB5205142AE00C78C3C /* titles */ = {isa = PBXFileReference; lastKnownFileType = folder; path = titles; sourceTree = "<group>"; };
		E7229BDC21D76A4B00B7CEA9 /* Header.h */ = {isa = PBXFileReference; fileEncoding = 4; lastKnownFileType = sourcecode.c.h; path = Header.h; sourceTree = "<group>"; };
		E725BA1D2193196000247627 /* View.swift */ = {isa = PBXFileReference; lastKnownFileType = sourcecode.swift; path = View.swift; sourceTree = "<group>"; };
		E72C3DF021EF46B1007A143F /* CommentsView.swift */ = {isa = PBXFileReference; fileEncoding = 4; lastKnownFileType = sourcecode.swift; path = CommentsView.swift; sourceTree = "<group>"; };
		E72DF9E11DE8651C00A46DA1 /* LeftView.swift */ = {isa = PBXFileReference; fileEncoding = 4; lastKnownFileType = sourcecode.swift; path = LeftView.swift; sourceTree = "<group>"; };
		E7382CB921CC006400DF8772 /* prepare.swift */ = {isa = PBXFileReference; lastKnownFileType = sourcecode.swift; path = prepare.swift; sourceTree = "<group>"; };
		E73BF4631EF8548C0028FB62 /* BibleText.swift */ = {isa = PBXFileReference; fileEncoding = 4; lastKnownFileType = sourcecode.swift; path = BibleText.swift; sourceTree = "<group>"; };
		E74040F11ED5A40F00F96C48 /* CopyView.swift */ = {isa = PBXFileReference; fileEncoding = 4; lastKnownFileType = sourcecode.swift; path = CopyView.swift; sourceTree = "<group>"; };
		E7522CC8214AAD2900EB8788 /* Unbound Bible.entitlements */ = {isa = PBXFileReference; lastKnownFileType = text.plist.entitlements; path = "Unbound Bible.entitlements"; sourceTree = "<group>"; };
		E75525942051334A00BDD425 /* bibles */ = {isa = PBXFileReference; lastKnownFileType = folder; path = bibles; sourceTree = "<group>"; };
		E75F12C01FF25D79006EDAC9 /* parse.swift */ = {isa = PBXFileReference; fileEncoding = 4; lastKnownFileType = sourcecode.swift; path = parse.swift; sourceTree = "<group>"; };
		E7694F0D202B06FE00E807F0 /* ru */ = {isa = PBXFileReference; lastKnownFileType = text.plist.strings; name = ru; path = ru.lproj/Main.strings; sourceTree = "<group>"; };
		E76AEE471EE84E0A00D63C4E /* сonfig.xcconfig */ = {isa = PBXFileReference; lastKnownFileType = text.xcconfig; path = "сonfig.xcconfig"; sourceTree = "<group>"; };
		E77BCA6C1FF4E44A00F950B5 /* Titles.swift */ = {isa = PBXFileReference; fileEncoding = 4; lastKnownFileType = sourcecode.swift; path = Titles.swift; sourceTree = "<group>"; };
		E781C62F1EF15A2B00AA0BCA /* DownloadView.swift */ = {isa = PBXFileReference; fileEncoding = 4; lastKnownFileType = sourcecode.swift; path = DownloadView.swift; sourceTree = "<group>"; };
		E7A0D72123AAA28800C48A54 /* extensions.swift */ = {isa = PBXFileReference; lastKnownFileType = sourcecode.swift; path = extensions.swift; sourceTree = "<group>"; };
		E7A0D72423AAA36200C48A54 /* extension.swift */ = {isa = PBXFileReference; lastKnownFileType = sourcecode.swift; path = extension.swift; sourceTree = "<group>"; };
		E7A0D72C23AAABE900C48A54 /* libsqlite3.0.tbd */ = {isa = PBXFileReference; lastKnownFileType = "sourcecode.text-based-dylib-definition"; name = libsqlite3.0.tbd; path = Platforms/iPhoneOS.platform/Developer/SDKs/iPhoneOS13.2.sdk/usr/lib/libsqlite3.0.tbd; sourceTree = DEVELOPER_DIR; };
		E7A0D72D23AAAC0400C48A54 /* libsqlite3.tbd */ = {isa = PBXFileReference; lastKnownFileType = "sourcecode.text-based-dylib-definition"; name = libsqlite3.tbd; path = Platforms/iPhoneOS.platform/Developer/SDKs/iPhoneOS13.2.sdk/usr/lib/libsqlite3.tbd; sourceTree = DEVELOPER_DIR; };
		E7A4BA911EDD86C200FC9676 /* LibraryView.swift */ = {isa = PBXFileReference; fileEncoding = 4; lastKnownFileType = sourcecode.swift; path = LibraryView.swift; sourceTree = "<group>"; };
		E7A8917B20152879008A7695 /* СustomText.swift */ = {isa = PBXFileReference; fileEncoding = 4; lastKnownFileType = sourcecode.swift; path = "СustomText.swift"; sourceTree = "<group>"; };
		E7A8917D20152893008A7695 /* CommonText.swift */ = {isa = PBXFileReference; fileEncoding = 4; lastKnownFileType = sourcecode.swift; path = CommonText.swift; sourceTree = "<group>"; };
		E7B54D3521D28FF2003ED5C5 /* PopoverView.swift */ = {isa = PBXFileReference; lastKnownFileType = sourcecode.swift; path = PopoverView.swift; sourceTree = "<group>"; };
		E7B7CB6521D66EB600BC292F /* Module.swift */ = {isa = PBXFileReference; lastKnownFileType = sourcecode.swift; path = Module.swift; sourceTree = "<group>"; };
		E7B8B601204EFF6300493978 /* uk */ = {isa = PBXFileReference; lastKnownFileType = text.plist.strings; name = uk; path = uk.lproj/Main.strings; sourceTree = "<group>"; };
		E7B8B602204EFF6300493978 /* uk */ = {isa = PBXFileReference; lastKnownFileType = text.plist.strings; name = uk; path = uk.lproj/Localizable.strings; sourceTree = "<group>"; };
		E7B8B603204EFF6400493978 /* uk */ = {isa = PBXFileReference; lastKnownFileType = text.plist.strings; name = uk; path = uk.lproj/InfoPlist.strings; sourceTree = "<group>"; };
		E7BECE3A1EA9372900CF3386 /* FMDatabase.h */ = {isa = PBXFileReference; fileEncoding = 4; lastKnownFileType = sourcecode.c.h; path = FMDatabase.h; sourceTree = "<group>"; };
		E7BECE3B1EA9372900CF3386 /* FMDatabase.m */ = {isa = PBXFileReference; fileEncoding = 4; lastKnownFileType = sourcecode.c.objc; path = FMDatabase.m; sourceTree = "<group>"; };
		E7BECE3C1EA9372900CF3386 /* FMDatabaseAdditions.h */ = {isa = PBXFileReference; fileEncoding = 4; lastKnownFileType = sourcecode.c.h; path = FMDatabaseAdditions.h; sourceTree = "<group>"; };
		E7BECE3D1EA9372900CF3386 /* FMDatabaseAdditions.m */ = {isa = PBXFileReference; fileEncoding = 4; lastKnownFileType = sourcecode.c.objc; path = FMDatabaseAdditions.m; sourceTree = "<group>"; };
		E7BECE3E1EA9372900CF3386 /* FMDatabasePool.h */ = {isa = PBXFileReference; fileEncoding = 4; lastKnownFileType = sourcecode.c.h; path = FMDatabasePool.h; sourceTree = "<group>"; };
		E7BECE3F1EA9372900CF3386 /* FMDatabasePool.m */ = {isa = PBXFileReference; fileEncoding = 4; lastKnownFileType = sourcecode.c.objc; path = FMDatabasePool.m; sourceTree = "<group>"; };
		E7BECE401EA9372900CF3386 /* FMDatabaseQueue.h */ = {isa = PBXFileReference; fileEncoding = 4; lastKnownFileType = sourcecode.c.h; path = FMDatabaseQueue.h; sourceTree = "<group>"; };
		E7BECE411EA9372900CF3386 /* FMDatabaseQueue.m */ = {isa = PBXFileReference; fileEncoding = 4; lastKnownFileType = sourcecode.c.objc; path = FMDatabaseQueue.m; sourceTree = "<group>"; };
		E7BECE421EA9372900CF3386 /* FMDB.h */ = {isa = PBXFileReference; fileEncoding = 4; lastKnownFileType = sourcecode.c.h; path = FMDB.h; sourceTree = "<group>"; };
		E7BECE431EA9372900CF3386 /* FMResultSet.h */ = {isa = PBXFileReference; fileEncoding = 4; lastKnownFileType = sourcecode.c.h; path = FMResultSet.h; sourceTree = "<group>"; };
		E7BECE441EA9372900CF3386 /* FMResultSet.m */ = {isa = PBXFileReference; fileEncoding = 4; lastKnownFileType = sourcecode.c.objc; path = FMResultSet.m; sourceTree = "<group>"; };
		E7BECE4B1EA9390400CF3386 /* libsqlite3.tbd */ = {isa = PBXFileReference; lastKnownFileType = "sourcecode.text-based-dylib-definition"; name = libsqlite3.tbd; path = usr/lib/libsqlite3.tbd; sourceTree = SDKROOT; };
		E7C21902201522F300E90AC6 /* NotesText.swift */ = {isa = PBXFileReference; lastKnownFileType = sourcecode.swift; path = NotesText.swift; sourceTree = "<group>"; };
		E7C8238F202B07EC00287173 /* ru */ = {isa = PBXFileReference; lastKnownFileType = text.plist.strings; name = ru; path = ru.lproj/InfoPlist.strings; sourceTree = "<group>"; };
		E7C82394202B07ED00287173 /* ru */ = {isa = PBXFileReference; lastKnownFileType = text.plist.strings; name = ru; path = ru.lproj/Localizable.strings; sourceTree = "<group>"; };
		E7D39EDD20906EF6004D3097 /* Unbound Bible.iOS.app */ = {isa = PBXFileReference; explicitFileType = wrapper.application; includeInIndex = 0; path = "Unbound Bible.iOS.app"; sourceTree = BUILT_PRODUCTS_DIR; };
		E7D39EDF20906EF7004D3097 /* AppDelegate.swift */ = {isa = PBXFileReference; lastKnownFileType = sourcecode.swift; path = AppDelegate.swift; sourceTree = "<group>"; };
		E7D39EE120906EF7004D3097 /* RootViewController.swift */ = {isa = PBXFileReference; lastKnownFileType = sourcecode.swift; path = RootViewController.swift; sourceTree = "<group>"; };
		E7D39EE320906EF7004D3097 /* DataViewController.swift */ = {isa = PBXFileReference; lastKnownFileType = sourcecode.swift; path = DataViewController.swift; sourceTree = "<group>"; };
		E7D39EE520906EF7004D3097 /* ModelController.swift */ = {isa = PBXFileReference; lastKnownFileType = sourcecode.swift; path = ModelController.swift; sourceTree = "<group>"; };
		E7D39EE820906EF7004D3097 /* Base */ = {isa = PBXFileReference; lastKnownFileType = file.storyboard; name = Base; path = Base.lproj/Main.storyboard; sourceTree = "<group>"; };
		E7D39EEA20906EF7004D3097 /* Assets.xcassets */ = {isa = PBXFileReference; lastKnownFileType = folder.assetcatalog; path = Assets.xcassets; sourceTree = "<group>"; };
		E7D39EED20906EF7004D3097 /* Base */ = {isa = PBXFileReference; lastKnownFileType = file.storyboard; name = Base; path = Base.lproj/LaunchScreen.storyboard; sourceTree = "<group>"; };
		E7D39EEF20906EF7004D3097 /* Info.plist */ = {isa = PBXFileReference; lastKnownFileType = text.plist.xml; path = Info.plist; sourceTree = "<group>"; };
		E7D4637A201A2B520055F1DA /* PreferencesView.swift */ = {isa = PBXFileReference; fileEncoding = 4; lastKnownFileType = sourcecode.swift; path = PreferencesView.swift; sourceTree = "<group>"; };
		E7DD51A41DE764A70003D654 /* tools.swift */ = {isa = PBXFileReference; fileEncoding = 4; lastKnownFileType = sourcecode.swift; path = tools.swift; sourceTree = "<group>"; };
		E7DDA4AF1EE960E400022638 /* SplitView.swift */ = {isa = PBXFileReference; fileEncoding = 4; lastKnownFileType = sourcecode.swift; path = SplitView.swift; sourceTree = "<group>"; };
		E7E3D4F71E12B1C400912F37 /* SearchView.swift */ = {isa = PBXFileReference; fileEncoding = 4; lastKnownFileType = sourcecode.swift; path = SearchView.swift; sourceTree = "<group>"; };
		E7EF67621FF38F3400360C1D /* Shelf.swift */ = {isa = PBXFileReference; fileEncoding = 4; lastKnownFileType = sourcecode.swift; path = Shelf.swift; sourceTree = "<group>"; };
		E7F5071A20509AEB0019F546 /* icns.icns */ = {isa = PBXFileReference; lastKnownFileType = image.icns; path = icns.icns; sourceTree = "<group>"; };
		E7F771351DE865FE004AF6C0 /* RigthView.swift */ = {isa = PBXFileReference; fileEncoding = 4; lastKnownFileType = sourcecode.swift; path = RigthView.swift; sourceTree = "<group>"; };
		E7FABB9A21D938D3006B6267 /* Commentary.swift */ = {isa = PBXFileReference; lastKnownFileType = sourcecode.swift; path = Commentary.swift; sourceTree = "<group>"; };
		E7FABB9C21D938F7006B6267 /* Dictionary.swift */ = {isa = PBXFileReference; lastKnownFileType = sourcecode.swift; path = Dictionary.swift; sourceTree = "<group>"; };
/* End PBXFileReference section */

/* Begin PBXFrameworksBuildPhase section */
		CE2F17EA1D33C31800BA91A6 /* Frameworks */ = {
			isa = PBXFrameworksBuildPhase;
			buildActionMask = 2147483647;
			files = (
				E7BECE4C1EA9390400CF3386 /* libsqlite3.tbd in Frameworks */,
			);
			runOnlyForDeploymentPostprocessing = 0;
		};
		E7D39EDA20906EF6004D3097 /* Frameworks */ = {
			isa = PBXFrameworksBuildPhase;
			buildActionMask = 2147483647;
			files = (
				E7A0D72E23AAAC1300C48A54 /* libsqlite3.tbd in Frameworks */,
			);
			runOnlyForDeploymentPostprocessing = 0;
		};
/* End PBXFrameworksBuildPhase section */

/* Begin PBXGroup section */
		CE2F17E41D33C31800BA91A6 = {
			isa = PBXGroup;
			children = (
				E7522CC8214AAD2900EB8788 /* Unbound Bible.entitlements */,
				CE2F17EF1D33C31800BA91A6 /* Unbound Bible.macOS */,
				E7D39EDE20906EF7004D3097 /* Unbound Bible.iOS */,
				E7D39ED820906C4E004D3097 /* Common */,
				E75525942051334A00BDD425 /* bibles */,
				E7228FB5205142AE00C78C3C /* titles */,
				CE2F17EE1D33C31800BA91A6 /* Products */,
				E7BECE4A1EA9390400CF3386 /* Frameworks */,
			);
			sourceTree = "<group>";
		};
		CE2F17EE1D33C31800BA91A6 /* Products */ = {
			isa = PBXGroup;
			children = (
				CE2F17ED1D33C31800BA91A6 /* Unbound Bible.app */,
				E7D39EDD20906EF6004D3097 /* Unbound Bible.iOS.app */,
			);
			name = Products;
			sourceTree = "<group>";
		};
		CE2F17EF1D33C31800BA91A6 /* Unbound Bible.macOS */ = {
			isa = PBXGroup;
			children = (
				E7C82395202B07ED00287173 /* Localizable.strings */,
				E7C82390202B07EC00287173 /* InfoPlist.strings */,
				CE2F17F41D33C31800BA91A6 /* Assets.xcassets */,
				CE2F17F91D33C31800BA91A6 /* Info.plist */,
				CE2F17F61D33C31800BA91A6 /* Main.storyboard */,
				CE2F17F01D33C31800BA91A6 /* AppDelegate.swift */,
				E7B54D3521D28FF2003ED5C5 /* PopoverView.swift */,
				E71B29CE1E0C218200173E77 /* WinController.swift */,
				E725BA1D2193196000247627 /* View.swift */,
				CE2F17F21D33C31800BA91A6 /* MainView.swift */,
				E7D4637A201A2B520055F1DA /* PreferencesView.swift */,
				E7DDA4AF1EE960E400022638 /* SplitView.swift */,
				E72DF9E11DE8651C00A46DA1 /* LeftView.swift */,
				E7F771351DE865FE004AF6C0 /* RigthView.swift */,
				E7A4BA911EDD86C200FC9676 /* LibraryView.swift */,
				E781C62F1EF15A2B00AA0BCA /* DownloadView.swift */,
				E7E3D4F71E12B1C400912F37 /* SearchView.swift */,
				E74040F11ED5A40F00F96C48 /* CopyView.swift */,
				E72C3DF021EF46B1007A143F /* CommentsView.swift */,
				E7DD51A41DE764A70003D654 /* tools.swift */,
				E7A8917B20152879008A7695 /* СustomText.swift */,
				E73BF4631EF8548C0028FB62 /* BibleText.swift */,
				E7A8917D20152893008A7695 /* CommonText.swift */,
				E7C21902201522F300E90AC6 /* NotesText.swift */,
				E7A0D72423AAA36200C48A54 /* extension.swift */,
				E76AEE471EE84E0A00D63C4E /* сonfig.xcconfig */,
				E7F5071A20509AEB0019F546 /* icns.icns */,
			);
			path = "Unbound Bible.macOS";
			sourceTree = "<group>";
		};
		E7BECE391EA9372900CF3386 /* fmdb */ = {
			isa = PBXGroup;
			children = (
				E7BECE3A1EA9372900CF3386 /* FMDatabase.h */,
				E7BECE3B1EA9372900CF3386 /* FMDatabase.m */,
				E7BECE3C1EA9372900CF3386 /* FMDatabaseAdditions.h */,
				E7BECE3D1EA9372900CF3386 /* FMDatabaseAdditions.m */,
				E7BECE3E1EA9372900CF3386 /* FMDatabasePool.h */,
				E7BECE3F1EA9372900CF3386 /* FMDatabasePool.m */,
				E7BECE401EA9372900CF3386 /* FMDatabaseQueue.h */,
				E7BECE411EA9372900CF3386 /* FMDatabaseQueue.m */,
				E7BECE421EA9372900CF3386 /* FMDB.h */,
				E7BECE431EA9372900CF3386 /* FMResultSet.h */,
				E7BECE441EA9372900CF3386 /* FMResultSet.m */,
			);
			name = fmdb;
			path = Common/fmdb;
			sourceTree = SOURCE_ROOT;
		};
		E7BECE4A1EA9390400CF3386 /* Frameworks */ = {
			isa = PBXGroup;
			children = (
				E7A0D72D23AAAC0400C48A54 /* libsqlite3.tbd */,
				E7A0D72C23AAABE900C48A54 /* libsqlite3.0.tbd */,
				E7BECE4B1EA9390400CF3386 /* libsqlite3.tbd */,
			);
			name = Frameworks;
			sourceTree = "<group>";
		};
		E7D39ED820906C4E004D3097 /* Common */ = {
			isa = PBXGroup;
			children = (
				E7B7CB6521D66EB600BC292F /* Module.swift */,
				E77BCA6C1FF4E44A00F950B5 /* Titles.swift */,
				E7A0D72123AAA28800C48A54 /* extensions.swift */,
				E7EF67621FF38F3400360C1D /* Shelf.swift */,
				E7FABB9A21D938D3006B6267 /* Commentary.swift */,
				E7FABB9C21D938F7006B6267 /* Dictionary.swift */,
				E70BA7E8224DE54F002B60D7 /* data.swift */,
				E75F12C01FF25D79006EDAC9 /* parse.swift */,
				E71485B823AA5EF6009369D4 /* lib.swift */,
				E7382CB921CC006400DF8772 /* prepare.swift */,
				E7229BDC21D76A4B00B7CEA9 /* Header.h */,
				E7BECE391EA9372900CF3386 /* fmdb */,
			);
			path = Common;
			sourceTree = "<group>";
		};
		E7D39EDE20906EF7004D3097 /* Unbound Bible.iOS */ = {
			isa = PBXGroup;
			children = (
				E7D39EDF20906EF7004D3097 /* AppDelegate.swift */,
				E7D39EE120906EF7004D3097 /* RootViewController.swift */,
				E7D39EE320906EF7004D3097 /* DataViewController.swift */,
				E7D39EE520906EF7004D3097 /* ModelController.swift */,
				E7D39EE720906EF7004D3097 /* Main.storyboard */,
				E7D39EEA20906EF7004D3097 /* Assets.xcassets */,
				E7D39EEC20906EF7004D3097 /* LaunchScreen.storyboard */,
				E7D39EEF20906EF7004D3097 /* Info.plist */,
			);
			path = "Unbound Bible.iOS";
			sourceTree = "<group>";
		};
/* End PBXGroup section */

/* Begin PBXNativeTarget section */
		CE2F17EC1D33C31800BA91A6 /* Unbound Bible */ = {
			isa = PBXNativeTarget;
			buildConfigurationList = CE2F17FC1D33C31800BA91A6 /* Build configuration list for PBXNativeTarget "Unbound Bible" */;
			buildPhases = (
				CE2F17E91D33C31800BA91A6 /* Sources */,
				CE2F17EA1D33C31800BA91A6 /* Frameworks */,
				CE2F17EB1D33C31800BA91A6 /* Resources */,
			);
			buildRules = (
			);
			dependencies = (
			);
			name = "Unbound Bible";
			productName = "Unbound-Bible-OSX";
			productReference = CE2F17ED1D33C31800BA91A6 /* Unbound Bible.app */;
			productType = "com.apple.product-type.application";
		};
		E7D39EDC20906EF6004D3097 /* Unbound Bible.iOS */ = {
			isa = PBXNativeTarget;
			buildConfigurationList = E7D39EF220906EF7004D3097 /* Build configuration list for PBXNativeTarget "Unbound Bible.iOS" */;
			buildPhases = (
				E7D39ED920906EF6004D3097 /* Sources */,
				E7D39EDA20906EF6004D3097 /* Frameworks */,
				E7D39EDB20906EF6004D3097 /* Resources */,
			);
			buildRules = (
			);
			dependencies = (
			);
			name = "Unbound Bible.iOS";
			productName = "Unbound Bible.iOS";
			productReference = E7D39EDD20906EF6004D3097 /* Unbound Bible.iOS.app */;
			productType = "com.apple.product-type.application";
		};
/* End PBXNativeTarget section */

/* Begin PBXProject section */
		CE2F17E51D33C31800BA91A6 /* Project object */ = {
			isa = PBXProject;
			attributes = {
				LastSwiftUpdateCheck = 0930;
				LastUpgradeCheck = 0930;
				ORGANIZATIONNAME = "Vladimir Rybant";
				TargetAttributes = {
					CE2F17EC1D33C31800BA91A6 = {
						CreatedOnToolsVersion = 7.3.1;
						DevelopmentTeam = ZK5Z2R2KTA;
						LastSwiftMigration = 1020;
						ProvisioningStyle = Manual;
						SystemCapabilities = {
							com.apple.Sandbox = {
								enabled = 1;
							};
						};
					};
					E7D39EDC20906EF6004D3097 = {
						CreatedOnToolsVersion = 9.3;
						DevelopmentTeam = ZK5Z2R2KTA;
						LastSwiftMigration = 1020;
						ProvisioningStyle = Automatic;
					};
				};
			};
			buildConfigurationList = CE2F17E81D33C31800BA91A6 /* Build configuration list for PBXProject "Unbound Bible" */;
			compatibilityVersion = "Xcode 3.2";
			developmentRegion = en;
			hasScannedForEncodings = 0;
			knownRegions = (
				en,
				Base,
				uk,
				ru,
			);
			mainGroup = CE2F17E41D33C31800BA91A6;
			productRefGroup = CE2F17EE1D33C31800BA91A6 /* Products */;
			projectDirPath = "";
			projectRoot = "";
			targets = (
				CE2F17EC1D33C31800BA91A6 /* Unbound Bible */,
				E7D39EDC20906EF6004D3097 /* Unbound Bible.iOS */,
			);
		};
/* End PBXProject section */

/* Begin PBXResourcesBuildPhase section */
		CE2F17EB1D33C31800BA91A6 /* Resources */ = {
			isa = PBXResourcesBuildPhase;
			buildActionMask = 2147483647;
			files = (
				E7F5071B20509AEC0019F546 /* icns.icns in Resources */,
				E7228FB6205142AE00C78C3C /* titles in Resources */,
				CE2F17F51D33C31800BA91A6 /* Assets.xcassets in Resources */,
				E7C82393202B07ED00287173 /* Localizable.strings in Resources */,
				E7C8238E202B07EC00287173 /* InfoPlist.strings in Resources */,
				CE2F17F81D33C31800BA91A6 /* Main.storyboard in Resources */,
				E75525952051334A00BDD425 /* bibles in Resources */,
			);
			runOnlyForDeploymentPostprocessing = 0;
		};
		E7D39EDB20906EF6004D3097 /* Resources */ = {
			isa = PBXResourcesBuildPhase;
			buildActionMask = 2147483647;
			files = (
				E7D39EEE20906EF7004D3097 /* LaunchScreen.storyboard in Resources */,
				E7D39EEB20906EF7004D3097 /* Assets.xcassets in Resources */,
				E7D39EE920906EF7004D3097 /* Main.storyboard in Resources */,
			);
			runOnlyForDeploymentPostprocessing = 0;
		};
/* End PBXResourcesBuildPhase section */

/* Begin PBXSourcesBuildPhase section */
		CE2F17E91D33C31800BA91A6 /* Sources */ = {
			isa = PBXSourcesBuildPhase;
			buildActionMask = 2147483647;
			files = (
				E7EF67631FF38F3400360C1D /* Shelf.swift in Sources */,
				E7A8917E20152893008A7695 /* CommonText.swift in Sources */,
				E72C3DF121EF46B1007A143F /* CommentsView.swift in Sources */,
				E7A0D72523AAA36200C48A54 /* extension.swift in Sources */,
				E7DD51A51DE764A70003D654 /* tools.swift in Sources */,
				E7BECE451EA9372900CF3386 /* FMDatabase.m in Sources */,
				E7DDA4B01EE960E400022638 /* SplitView.swift in Sources */,
				E7A8917C20152879008A7695 /* СustomText.swift in Sources */,
				E71485B923AA5EF6009369D4 /* lib.swift in Sources */,
				E77BCA6D1FF4E44A00F950B5 /* Titles.swift in Sources */,
				E7E3D4F81E12B1C400912F37 /* SearchView.swift in Sources */,
				E7A0D72223AAA28800C48A54 /* extensions.swift in Sources */,
				E7BECE461EA9372900CF3386 /* FMDatabaseAdditions.m in Sources */,
				E7FABB9B21D938D3006B6267 /* Commentary.swift in Sources */,
				E74040F21ED5A40F00F96C48 /* CopyView.swift in Sources */,
				E7F771361DE865FE004AF6C0 /* RigthView.swift in Sources */,
				E7382CBA21CC006400DF8772 /* prepare.swift in Sources */,
				E725BA1E2193196000247627 /* View.swift in Sources */,
				E7C21903201522F300E90AC6 /* NotesText.swift in Sources */,
				E73BF4641EF8548C0028FB62 /* BibleText.swift in Sources */,
				E75F12C11FF25D79006EDAC9 /* parse.swift in Sources */,
				E7BECE471EA9372900CF3386 /* FMDatabasePool.m in Sources */,
				E7B54D3621D28FF2003ED5C5 /* PopoverView.swift in Sources */,
				E7BECE481EA9372900CF3386 /* FMDatabaseQueue.m in Sources */,
				E7B7CB6621D66EB600BC292F /* Module.swift in Sources */,
				E72DF9E21DE8651C00A46DA1 /* LeftView.swift in Sources */,
				E7BECE491EA9372900CF3386 /* FMResultSet.m in Sources */,
				E7FABB9D21D938F7006B6267 /* Dictionary.swift in Sources */,
				E7A4BA921EDD86C200FC9676 /* LibraryView.swift in Sources */,
				E7D4637B201A2B520055F1DA /* PreferencesView.swift in Sources */,
				CE2F17F31D33C31800BA91A6 /* MainView.swift in Sources */,
				E71B29CF1E0C218200173E77 /* WinController.swift in Sources */,
				CE2F17F11D33C31800BA91A6 /* AppDelegate.swift in Sources */,
				E70BA7E9224DE54F002B60D7 /* data.swift in Sources */,
				E781C6301EF15A2B00AA0BCA /* DownloadView.swift in Sources */,
			);
			runOnlyForDeploymentPostprocessing = 0;
		};
		E7D39ED920906EF6004D3097 /* Sources */ = {
			isa = PBXSourcesBuildPhase;
			buildActionMask = 2147483647;
			files = (
				E7A0D73223AAAF2500C48A54 /* Commentary.swift in Sources */,
				E7D39EE220906EF7004D3097 /* RootViewController.swift in Sources */,
				E7D39EE620906EF7004D3097 /* ModelController.swift in Sources */,
				E7D39EE420906EF7004D3097 /* DataViewController.swift in Sources */,
				E7A0D72723AAAB4400C48A54 /* FMDatabase.m in Sources */,
				E7A0D73323AAAF2800C48A54 /* Dictionary.swift in Sources */,
				E7A0D72323AAA28800C48A54 /* extensions.swift in Sources */,
				E7A0D72A23AAAB4E00C48A54 /* FMDatabaseQueue.m in Sources */,
				E7A0D72F23AAAEAB00C48A54 /* Shelf.swift in Sources */,
				E7A0D73123AAAEFC00C48A54 /* prepare.swift in Sources */,
				E7A0D72B23AAAB5200C48A54 /* FMResultSet.m in Sources */,
				E7A0D72923AAAB4B00C48A54 /* FMDatabasePool.m in Sources */,
				E7A0D73023AAAEE000C48A54 /* Titles.swift in Sources */,
				E70BA7EA224DE54F002B60D7 /* data.swift in Sources */,
				E7A0D72623AAAAE400C48A54 /* Module.swift in Sources */,
				E7A0D73423AAAF5A00C48A54 /* parse.swift in Sources */,
				E7D39EE020906EF7004D3097 /* AppDelegate.swift in Sources */,
				E71485BA23AA5EF6009369D4 /* lib.swift in Sources */,
				E7A0D72823AAAB4700C48A54 /* FMDatabaseAdditions.m in Sources */,
			);
			runOnlyForDeploymentPostprocessing = 0;
		};
/* End PBXSourcesBuildPhase section */

/* Begin PBXVariantGroup section */
		CE2F17F61D33C31800BA91A6 /* Main.storyboard */ = {
			isa = PBXVariantGroup;
			children = (
				CE2F17F71D33C31800BA91A6 /* Base */,
				E7694F0D202B06FE00E807F0 /* ru */,
				E7B8B601204EFF6300493978 /* uk */,
			);
			name = Main.storyboard;
			sourceTree = "<group>";
		};
		E7C82390202B07EC00287173 /* InfoPlist.strings */ = {
			isa = PBXVariantGroup;
			children = (
				E7C8238F202B07EC00287173 /* ru */,
				E7B8B603204EFF6400493978 /* uk */,
			);
			name = InfoPlist.strings;
			sourceTree = "<group>";
		};
		E7C82395202B07ED00287173 /* Localizable.strings */ = {
			isa = PBXVariantGroup;
			children = (
				E7C82394202B07ED00287173 /* ru */,
				E7B8B602204EFF6300493978 /* uk */,
			);
			name = Localizable.strings;
			sourceTree = "<group>";
		};
		E7D39EE720906EF7004D3097 /* Main.storyboard */ = {
			isa = PBXVariantGroup;
			children = (
				E7D39EE820906EF7004D3097 /* Base */,
			);
			name = Main.storyboard;
			sourceTree = "<group>";
		};
		E7D39EEC20906EF7004D3097 /* LaunchScreen.storyboard */ = {
			isa = PBXVariantGroup;
			children = (
				E7D39EED20906EF7004D3097 /* Base */,
			);
			name = LaunchScreen.storyboard;
			sourceTree = "<group>";
		};
/* End PBXVariantGroup section */

/* Begin XCBuildConfiguration section */
		CE2F17FA1D33C31800BA91A6 /* Debug */ = {
			isa = XCBuildConfiguration;
			buildSettings = {
				ALWAYS_SEARCH_USER_PATHS = NO;
				CLANG_ANALYZER_LOCALIZABILITY_NONLOCALIZED = YES;
				CLANG_ANALYZER_NONNULL = YES;
				CLANG_CXX_LANGUAGE_STANDARD = "gnu++0x";
				CLANG_CXX_LIBRARY = "libc++";
				CLANG_ENABLE_MODULES = YES;
				CLANG_ENABLE_OBJC_ARC = YES;
				CLANG_WARN_BLOCK_CAPTURE_AUTORELEASING = YES;
				CLANG_WARN_BOOL_CONVERSION = YES;
				CLANG_WARN_COMMA = YES;
				CLANG_WARN_CONSTANT_CONVERSION = YES;
				CLANG_WARN_DEPRECATED_OBJC_IMPLEMENTATIONS = YES;
				CLANG_WARN_DIRECT_OBJC_ISA_USAGE = YES_ERROR;
				CLANG_WARN_EMPTY_BODY = YES;
				CLANG_WARN_ENUM_CONVERSION = YES;
				CLANG_WARN_INFINITE_RECURSION = YES;
				CLANG_WARN_INT_CONVERSION = YES;
				CLANG_WARN_NON_LITERAL_NULL_CONVERSION = YES;
				CLANG_WARN_OBJC_IMPLICIT_RETAIN_SELF = YES;
				CLANG_WARN_OBJC_LITERAL_CONVERSION = YES;
				CLANG_WARN_OBJC_ROOT_CLASS = YES_ERROR;
				CLANG_WARN_RANGE_LOOP_ANALYSIS = YES;
				CLANG_WARN_STRICT_PROTOTYPES = YES;
				CLANG_WARN_SUSPICIOUS_MOVE = YES;
				CLANG_WARN_UNREACHABLE_CODE = YES;
				CLANG_WARN__DUPLICATE_METHOD_MATCH = YES;
				CODE_SIGN_IDENTITY = "-";
				COPY_PHASE_STRIP = NO;
				DEBUG_INFORMATION_FORMAT = dwarf;
				ENABLE_STRICT_OBJC_MSGSEND = YES;
				ENABLE_TESTABILITY = YES;
				GCC_C_LANGUAGE_STANDARD = gnu99;
				GCC_DYNAMIC_NO_PIC = NO;
				GCC_NO_COMMON_BLOCKS = YES;
				GCC_OPTIMIZATION_LEVEL = 0;
				GCC_PREPROCESSOR_DEFINITIONS = (
					"DEBUG=1",
					"$(inherited)",
				);
				GCC_WARN_64_TO_32_BIT_CONVERSION = YES;
				GCC_WARN_ABOUT_RETURN_TYPE = YES_ERROR;
				GCC_WARN_UNDECLARED_SELECTOR = YES;
				GCC_WARN_UNINITIALIZED_AUTOS = YES_AGGRESSIVE;
				GCC_WARN_UNUSED_FUNCTION = YES;
				GCC_WARN_UNUSED_VARIABLE = YES;
				MACOSX_DEPLOYMENT_TARGET = 10.12;
				MTL_ENABLE_DEBUG_INFO = YES;
				ONLY_ACTIVE_ARCH = YES;
				SDKROOT = macosx;
				SWIFT_OPTIMIZATION_LEVEL = "-Onone";
			};
			name = Debug;
		};
		CE2F17FB1D33C31800BA91A6 /* Release */ = {
			isa = XCBuildConfiguration;
			buildSettings = {
				ALWAYS_SEARCH_USER_PATHS = NO;
				CLANG_ANALYZER_LOCALIZABILITY_NONLOCALIZED = YES;
				CLANG_ANALYZER_NONNULL = YES;
				CLANG_CXX_LANGUAGE_STANDARD = "gnu++0x";
				CLANG_CXX_LIBRARY = "libc++";
				CLANG_ENABLE_MODULES = YES;
				CLANG_ENABLE_OBJC_ARC = YES;
				CLANG_WARN_BLOCK_CAPTURE_AUTORELEASING = YES;
				CLANG_WARN_BOOL_CONVERSION = YES;
				CLANG_WARN_COMMA = YES;
				CLANG_WARN_CONSTANT_CONVERSION = YES;
				CLANG_WARN_DEPRECATED_OBJC_IMPLEMENTATIONS = YES;
				CLANG_WARN_DIRECT_OBJC_ISA_USAGE = YES_ERROR;
				CLANG_WARN_EMPTY_BODY = YES;
				CLANG_WARN_ENUM_CONVERSION = YES;
				CLANG_WARN_INFINITE_RECURSION = YES;
				CLANG_WARN_INT_CONVERSION = YES;
				CLANG_WARN_NON_LITERAL_NULL_CONVERSION = YES;
				CLANG_WARN_OBJC_IMPLICIT_RETAIN_SELF = YES;
				CLANG_WARN_OBJC_LITERAL_CONVERSION = YES;
				CLANG_WARN_OBJC_ROOT_CLASS = YES_ERROR;
				CLANG_WARN_RANGE_LOOP_ANALYSIS = YES;
				CLANG_WARN_STRICT_PROTOTYPES = YES;
				CLANG_WARN_SUSPICIOUS_MOVE = YES;
				CLANG_WARN_UNREACHABLE_CODE = YES;
				CLANG_WARN__DUPLICATE_METHOD_MATCH = YES;
				CODE_SIGN_IDENTITY = "-";
				COPY_PHASE_STRIP = NO;
				DEBUG_INFORMATION_FORMAT = "dwarf-with-dsym";
				ENABLE_NS_ASSERTIONS = NO;
				ENABLE_STRICT_OBJC_MSGSEND = YES;
				GCC_C_LANGUAGE_STANDARD = gnu99;
				GCC_NO_COMMON_BLOCKS = YES;
				GCC_WARN_64_TO_32_BIT_CONVERSION = YES;
				GCC_WARN_ABOUT_RETURN_TYPE = YES_ERROR;
				GCC_WARN_UNDECLARED_SELECTOR = YES;
				GCC_WARN_UNINITIALIZED_AUTOS = YES_AGGRESSIVE;
				GCC_WARN_UNUSED_FUNCTION = YES;
				GCC_WARN_UNUSED_VARIABLE = YES;
				MACOSX_DEPLOYMENT_TARGET = 10.12;
				MTL_ENABLE_DEBUG_INFO = NO;
				SDKROOT = macosx;
				SWIFT_OPTIMIZATION_LEVEL = "-Owholemodule";
			};
			name = Release;
		};
		CE2F17FD1D33C31800BA91A6 /* Debug */ = {
			isa = XCBuildConfiguration;
			buildSettings = {
				CLANG_ENABLE_MODULES = YES;
				CODE_SIGN_ENTITLEMENTS = "Unbound Bible.entitlements";
				CODE_SIGN_IDENTITY = "3rd Party Mac Developer Application";
				CODE_SIGN_STYLE = Manual;
				COMBINE_HIDPI_IMAGES = YES;
				DEVELOPMENT_TEAM = ZK5Z2R2KTA;
				INFOPLIST_FILE = "Unbound Bible.macOS/Info.plist";
				LD_RUNPATH_SEARCH_PATHS = "$(inherited) @executable_path/../Frameworks";
				PRODUCT_BUNDLE_IDENTIFIER = info.unboundbible;
				PRODUCT_NAME = "$(TARGET_NAME)";
				PROVISIONING_PROFILE = "";
				PROVISIONING_PROFILE_SPECIFIER = "";
				SWIFT_OBJC_BRIDGING_HEADER = Common/Header.h;
				SWIFT_OPTIMIZATION_LEVEL = "-Onone";
				SWIFT_VERSION = 5.0;
			};
			name = Debug;
		};
		CE2F17FE1D33C31800BA91A6 /* Release */ = {
			isa = XCBuildConfiguration;
			buildSettings = {
				CLANG_ENABLE_MODULES = YES;
				CODE_SIGN_ENTITLEMENTS = "Unbound Bible.entitlements";
				CODE_SIGN_IDENTITY = "3rd Party Mac Developer Application";
				CODE_SIGN_STYLE = Manual;
				COMBINE_HIDPI_IMAGES = YES;
				DEVELOPMENT_TEAM = ZK5Z2R2KTA;
				INFOPLIST_FILE = "Unbound Bible.macOS/Info.plist";
				LD_RUNPATH_SEARCH_PATHS = "$(inherited) @executable_path/../Frameworks";
				PRODUCT_BUNDLE_IDENTIFIER = info.unboundbible;
				PRODUCT_NAME = "$(TARGET_NAME)";
				PROVISIONING_PROFILE = "69294aa1-508c-49cc-9a99-7516601ff10f";
				PROVISIONING_PROFILE_SPECIFIER = "Provisioning Profile";
				SWIFT_OBJC_BRIDGING_HEADER = Common/Header.h;
				SWIFT_VERSION = 5.0;
			};
			name = Release;
		};
		E7D39EF020906EF7004D3097 /* Debug */ = {
			isa = XCBuildConfiguration;
			buildSettings = {
				ASSETCATALOG_COMPILER_APPICON_NAME = AppIcon;
				CLANG_ANALYZER_NUMBER_OBJECT_CONVERSION = YES_AGGRESSIVE;
				CLANG_CXX_LANGUAGE_STANDARD = "gnu++14";
				CLANG_ENABLE_OBJC_WEAK = YES;
				CLANG_WARN_DOCUMENTATION_COMMENTS = YES;
				CLANG_WARN_UNGUARDED_AVAILABILITY = YES_AGGRESSIVE;
				CODE_SIGN_IDENTITY = "iPhone Developer";
				CODE_SIGN_STYLE = Automatic;
				DEVELOPMENT_TEAM = ZK5Z2R2KTA;
				GCC_C_LANGUAGE_STANDARD = gnu11;
				INFOPLIST_FILE = "Unbound Bible.iOS/Info.plist";
				IPHONEOS_DEPLOYMENT_TARGET = 13.0;
				LD_RUNPATH_SEARCH_PATHS = "$(inherited) @executable_path/Frameworks";
				PRODUCT_BUNDLE_IDENTIFIER = "vladimirrybant.Unbound-Bible-iOS";
				PRODUCT_NAME = "$(TARGET_NAME)";
				SDKROOT = iphoneos;
				SWIFT_ACTIVE_COMPILATION_CONDITIONS = DEBUG;
				SWIFT_OBJC_BRIDGING_HEADER = Common/Header.h;
				SWIFT_VERSION = 5.0;
				TARGETED_DEVICE_FAMILY = "1,2";
			};
			name = Debug;
		};
		E7D39EF120906EF7004D3097 /* Release */ = {
			isa = XCBuildConfiguration;
			buildSettings = {
				ASSETCATALOG_COMPILER_APPICON_NAME = AppIcon;
				CLANG_ANALYZER_NUMBER_OBJECT_CONVERSION = YES_AGGRESSIVE;
				CLANG_CXX_LANGUAGE_STANDARD = "gnu++14";
				CLANG_ENABLE_OBJC_WEAK = YES;
				CLANG_WARN_DOCUMENTATION_COMMENTS = YES;
				CLANG_WARN_UNGUARDED_AVAILABILITY = YES_AGGRESSIVE;
				CODE_SIGN_IDENTITY = "iPhone Developer";
				CODE_SIGN_STYLE = Automatic;
				DEVELOPMENT_TEAM = ZK5Z2R2KTA;
				GCC_C_LANGUAGE_STANDARD = gnu11;
				INFOPLIST_FILE = "Unbound Bible.iOS/Info.plist";
				IPHONEOS_DEPLOYMENT_TARGET = 13.0;
				LD_RUNPATH_SEARCH_PATHS = "$(inherited) @executable_path/Frameworks";
				PRODUCT_BUNDLE_IDENTIFIER = "vladimirrybant.Unbound-Bible-iOS";
				PRODUCT_NAME = "$(TARGET_NAME)";
				SDKROOT = iphoneos;
				SWIFT_OBJC_BRIDGING_HEADER = Common/Header.h;
				SWIFT_VERSION = 5.0;
				TARGETED_DEVICE_FAMILY = "1,2";
				VALIDATE_PRODUCT = YES;
			};
			name = Release;
		};
/* End XCBuildConfiguration section */

/* Begin XCConfigurationList section */
		CE2F17E81D33C31800BA91A6 /* Build configuration list for PBXProject "Unbound Bible" */ = {
			isa = XCConfigurationList;
			buildConfigurations = (
				CE2F17FA1D33C31800BA91A6 /* Debug */,
				CE2F17FB1D33C31800BA91A6 /* Release */,
			);
			defaultConfigurationIsVisible = 0;
			defaultConfigurationName = Debug;
		};
		CE2F17FC1D33C31800BA91A6 /* Build configuration list for PBXNativeTarget "Unbound Bible" */ = {
			isa = XCConfigurationList;
			buildConfigurations = (
				CE2F17FD1D33C31800BA91A6 /* Debug */,
				CE2F17FE1D33C31800BA91A6 /* Release */,
			);
			defaultConfigurationIsVisible = 0;
			defaultConfigurationName = Debug;
		};
		E7D39EF220906EF7004D3097 /* Build configuration list for PBXNativeTarget "Unbound Bible.iOS" */ = {
			isa = XCConfigurationList;
			buildConfigurations = (
				E7D39EF020906EF7004D3097 /* Debug */,
				E7D39EF120906EF7004D3097 /* Release */,
			);
			defaultConfigurationIsVisible = 0;
			defaultConfigurationName = Debug;
		};
/* End XCConfigurationList section */
	};
	rootObject = CE2F17E51D33C31800BA91A6 /* Project object */;
}
