{
  "originHash" : "d77223ea3cadaebd2154378ec5005b6ebefcef3b34a4dafa368b0c4f16c0561c",
  "pins" : [
    {
      "identity" : "grdb.swift",
      "kind" : "remoteSourceControl",
      "location" : "https://github.com/groue/GRDB.swift",
      "state" : {
        "branch" : "master",
        "revision" : "36e30a6f1ef10e4194f6af0cff90888526f0c115"
      }
    }
  ],
  "version" : 3
}
