{
  "pins" : [
    {
      "identity" : "fmdb",
      "kind" : "remoteSourceControl",
      "location" : "https://github.com/ccgus/fmdb",
      "state" : {
        "revision" : "61e51fde7f7aab6554f30ab061cc588b28a97d04",
        "version" : "2.7.7"
      }
    },
    {
      "identity" : "grdb.swift",
      "kind" : "remoteSourceControl",
      "location" : "https://github.com/groue/GRDB.swift",
      "state" : {
        "branch" : "master",
        "revision" : "5aa385094b0d6b862bd1f8b671369044a6457ad0"
      }
    }
  ],
  "version" : 2
}
